<?xml version="1.0" encoding="UTF-8" standalone="yes" ?>
<CodeBlocks_project_file>
	<FileVersion major="1" minor="6" />
	<Project>
		<Option title="Rayne" />
		<Option pch_mode="2" />
		<Option compiler="gcc" />
		<Build>
			<Target title="Debug">
				<Option output="bin/Debug/Rayne" prefix_auto="1" extension_auto="1" />
				<Option working_dir="bin/Debug" />
				<Option object_output="obj/Debug/" />
				<Option type="3" />
				<Option compiler="gcc" />
				<Option createDefFile="1" />
				<Option createStaticLib="1" />
				<Compiler>
					<Add option="-g" />
				</Compiler>
			</Target>
			<Target title="Release">
				<Option output="bin/Release/Rayne" prefix_auto="1" extension_auto="1" />
				<Option working_dir="" />
				<Option object_output="obj/Release/" />
				<Option type="2" />
				<Option compiler="gcc" />
				<Option createDefFile="1" />
				<Compiler>
					<Add option="-O2" />
				</Compiler>
				<Linker>
					<Add option="-s" />
				</Linker>
			</Target>
		</Build>
		<Compiler>
			<Add option="-std=c++11" />
			<Add option="-Wall" />
			<Add option="-fexceptions" />
			<Add option="-fpermissive" />
			<Add option="-fPIC" />
			<Add directory="Vendor/bullet/src/" />
			<Add directory="Vendor/libjansson/source" />
			<Add directory="Vendor/libpng/include" />
		</Compiler>
		<Linker>
			<Add option="-rdynamic" />
			<Add library="png" />
			<Add library="bullet" />
			<Add library="jansson" />
			<Add directory="Vendor/bullet/" />
			<Add directory="Vendor/libjansson" />
			<Add directory="Vendor/libpng" />
		</Linker>
		<Unit filename="Engine Source/RNApplication.cpp" />
		<Unit filename="Engine Source/RNApplication.h" />
		<Unit filename="Engine Source/RNArray.h" />
		<Unit filename="Engine Source/RNAutoreleasePool.cpp" />
		<Unit filename="Engine Source/RNAutoreleasePool.h" />
		<Unit filename="Engine Source/RNBase.cpp" />
		<Unit filename="Engine Source/RNBase.h" />
		<Unit filename="Engine Source/RNBaseInternal.h" />
		<Unit filename="Engine Source/RNBullet.h" />
		<Unit filename="Engine Source/RNCamera.cpp" />
		<Unit filename="Engine Source/RNCamera.h" />
		<Unit filename="Engine Source/RNCharacter.cpp" />
		<Unit filename="Engine Source/RNCharacter.h" />
		<Unit filename="Engine Source/RNColor.h" />
		<Unit filename="Engine Source/RNContext.cpp" />
		<Unit filename="Engine Source/RNContext.h" />
		<Unit filename="Engine Source/RNDebug.cpp" />
		<Unit filename="Engine Source/RNDebug.h" />
		<Unit filename="Engine Source/RNDefines.h" />
		<Unit filename="Engine Source/RNEntity.cpp" />
		<Unit filename="Engine Source/RNEntity.h" />
		<Unit filename="Engine Source/RNError.h" />
		<Unit filename="Engine Source/RNErrorGroupGraphics.h" />
		<Unit filename="Engine Source/RNFile.cpp" />
		<Unit filename="Engine Source/RNFile.h" />
		<Unit filename="Engine Source/RNInput.cpp" />
		<Unit filename="Engine Source/RNInput.h" />
		<Unit filename="Engine Source/RNKernel.cpp" />
		<Unit filename="Engine Source/RNKernel.h" />
		<Unit filename="Engine Source/RNLightEntity.cpp" />
		<Unit filename="Engine Source/RNLightEntity.h" />
		<Unit filename="Engine Source/RNList.cpp" />
		<Unit filename="Engine Source/RNList.h" />
		<Unit filename="Engine Source/RNMaterial.cpp" />
		<Unit filename="Engine Source/RNMaterial.h" />
		<Unit filename="Engine Source/RNMatrix.h" />
		<Unit filename="Engine Source/RNMatrixQuaternion.h" />
		<Unit filename="Engine Source/RNMesh.cpp" />
		<Unit filename="Engine Source/RNMesh.h" />
		<Unit filename="Engine Source/RNMessage.cpp" />
		<Unit filename="Engine Source/RNMessage.h" />
		<Unit filename="Engine Source/RNModel.cpp" />
		<Unit filename="Engine Source/RNModel.h" />
		<Unit filename="Engine Source/RNModule.cpp" />
		<Unit filename="Engine Source/RNModule.h" />
		<Unit filename="Engine Source/RNMutex.cpp" />
		<Unit filename="Engine Source/RNMutex.h" />
		<Unit filename="Engine Source/RNObject.cpp" />
		<Unit filename="Engine Source/RNObject.h" />
		<Unit filename="Engine Source/RNOpenGL.cpp" />
		<Unit filename="Engine Source/RNOpenGL.h" />
		<Unit filename="Engine Source/RNOpenGLExtensions.h" />
		<Unit filename="Engine Source/RNPhysicsPipeline.cpp" />
		<Unit filename="Engine Source/RNPhysicsPipeline.h" />
		<Unit filename="Engine Source/RNPipelineSegment.cpp" />
		<Unit filename="Engine Source/RNPipelineSegment.h" />
		<Unit filename="Engine Source/RNPlane.h" />
		<Unit filename="Engine Source/RNPlatform.h" />
		<Unit filename="Engine Source/RNQuaternion.h" />
		<Unit filename="Engine Source/RNRect.h" />
		<Unit filename="Engine Source/RNRendering.h" />
		<Unit filename="Engine Source/RNRenderingPipeline.cpp" />
		<Unit filename="Engine Source/RNRenderingPipeline.h" />
		<Unit filename="Engine Source/RNRenderingResource.h" />
		<Unit filename="Engine Source/RNRigidBodyEntity.cpp" />
		<Unit filename="Engine Source/RNRigidBodyEntity.h" />
		<Unit filename="Engine Source/RNSettings.cpp" />
		<Unit filename="Engine Source/RNSettings.h" />
		<Unit filename="Engine Source/RNShader.cpp" />
		<Unit filename="Engine Source/RNShader.h" />
		<Unit filename="Engine Source/RNSkeleton.cpp" />
		<Unit filename="Engine Source/RNSkeleton.h" />
		<Unit filename="Engine Source/RNSpinLock.h" />
		<Unit filename="Engine Source/RNSynchronization.h" />
		<Unit filename="Engine Source/RNTexture.cpp" />
		<Unit filename="Engine Source/RNTexture.h" />
		<Unit filename="Engine Source/RNTextureLoader.cpp" />
		<Unit filename="Engine Source/RNTextureLoader.h" />
		<Unit filename="Engine Source/RNThread.cpp" />
		<Unit filename="Engine Source/RNThread.h" />
		<Unit filename="Engine Source/RNThreadPool.cpp" />
		<Unit filename="Engine Source/RNThreadPool.h" />
		<Unit filename="Engine Source/RNTransform.cpp" />
		<Unit filename="Engine Source/RNTransform.h" />
		<Unit filename="Engine Source/RNVector.h" />
		<Unit filename="Engine Source/RNWindow.cpp" />
		<Unit filename="Engine Source/RNWindow.h" />
		<Unit filename="Engine Source/RNWorld.cpp" />
		<Unit filename="Engine Source/RNWorld.h" />
		<Unit filename="Engine Source/Rayne.h" />
		<Unit filename="Engine Source/gl11.h" />
		<Unit filename="Engine Source/glext.h" />
		<Unit filename="Engine Source/wglext.h" />
		<Extensions>
			<code_completion />
			<envvars />
			<debugger />
			<DoxyBlocks>
				<comment_style block="0" line="0" />
				<doxyfile_project />
				<doxyfile_build />
				<doxyfile_warnings />
				<doxyfile_output />
				<doxyfile_dot />
				<general />
			</DoxyBlocks>
		</Extensions>
	</Project>
</CodeBlocks_project_file>
