<?xml version="1.0" encoding="UTF-8" standalone="yes" ?>
<CodeBlocks_project_file>
	<FileVersion major="1" minor="6" />
	<Project>
		<Option title="Rayne" />
		<Option pch_mode="2" />
		<Option compiler="gcc" />
		<Build>
			<Target title="Debug">
				<Option output="bin/Debug/Rayne" prefix_auto="1" extension_auto="1" />
				<Option working_dir="bin/Debug" />
				<Option object_output="obj/Debug/" />
				<Option type="3" />
				<Option compiler="gcc" />
				<Option createDefFile="1" />
				<Option createStaticLib="1" />
				<Compiler>
					<Add option="-w" />
					<Add option="-g" />
				</Compiler>
			</Target>
			<Target title="Release">
				<Option output="bin/Release/Rayne" prefix_auto="1" extension_auto="1" />
				<Option working_dir="" />
				<Option object_output="obj/Release/" />
				<Option type="2" />
				<Option compiler="gcc" />
				<Option createDefFile="1" />
				<Compiler>
					<Add option="-O2" />
				</Compiler>
				<Linker>
					<Add option="-s" />
				</Linker>
			</Target>
		</Build>
		<Compiler>
			<Add option="-std=c++11" />
			<Add option="-Wall" />
			<Add option="-fexceptions" />
			<Add option="-fpermissive" />
			<Add option="-fPIC" />
			<Add directory="Vendor/libjansson/source" />
			<Add directory="Vendor/libpng/include" />
			<Add directory="Vendor/libz/include" />
		</Compiler>
		<Linker>
			<Add option="-rdynamic" />
			<Add library="png" />
			<Add library="jansson" />
			<Add library="libz" />
			<Add directory="Vendor/bullet/" />
			<Add directory="Vendor/libjansson" />
			<Add directory="Vendor/libpng" />
			<Add directory="Vendor/libz" />
		</Linker>
		<Unit filename="Engine Source/RNAABB.h" />
		<Unit filename="Engine Source/RNASCIIString.cpp" />
		<Unit filename="Engine Source/RNASCIIString.h" />
		<Unit filename="Engine Source/RNAlgorithm.h" />
		<Unit filename="Engine Source/RNApplication.cpp" />
		<Unit filename="Engine Source/RNApplication.h" />
		<Unit filename="Engine Source/RNArray.cpp" />
		<Unit filename="Engine Source/RNArray.h" />
		<Unit filename="Engine Source/RNAttributedString.cpp" />
		<Unit filename="Engine Source/RNAttributedString.h" />
		<Unit filename="Engine Source/RNAutoreleasePool.cpp" />
		<Unit filename="Engine Source/RNAutoreleasePool.h" />
		<Unit filename="Engine Source/RNBase.cpp" />
		<Unit filename="Engine Source/RNBase.h" />
		<Unit filename="Engine Source/RNBaseInternal.h" />
		<Unit filename="Engine Source/RNBasicString.cpp" />
		<Unit filename="Engine Source/RNBasicString.h" />
		<Unit filename="Engine Source/RNBillboard.cpp" />
		<Unit filename="Engine Source/RNBillboard.h" />
		<Unit filename="Engine Source/RNCPU.cpp" />
		<Unit filename="Engine Source/RNCPU.h" />
		<Unit filename="Engine Source/RNCamera.cpp" />
		<Unit filename="Engine Source/RNCamera.h" />
		<Unit filename="Engine Source/RNCatalogue.cpp" />
		<Unit filename="Engine Source/RNCatalogue.h" />
		<Unit filename="Engine Source/RNColor.h" />
		<Unit filename="Engine Source/RNConstants.h" />
		<Unit filename="Engine Source/RNContext.cpp" />
		<Unit filename="Engine Source/RNContext.h" />
		<Unit filename="Engine Source/RNData.cpp" />
		<Unit filename="Engine Source/RNData.h" />
		<Unit filename="Engine Source/RNDebug.cpp" />
		<Unit filename="Engine Source/RNDebug.h" />
		<Unit filename="Engine Source/RNDefines.h" />
		<Unit filename="Engine Source/RNDictionary.cpp" />
		<Unit filename="Engine Source/RNDictionary.h" />
		<Unit filename="Engine Source/RNEntity.cpp" />
		<Unit filename="Engine Source/RNEntity.h" />
		<Unit filename="Engine Source/RNException.cpp" />
		<Unit filename="Engine Source/RNException.h" />
		<Unit filename="Engine Source/RNFile.cpp" />
		<Unit filename="Engine Source/RNFile.h" />
		<Unit filename="Engine Source/RNFileManager.cpp" />
		<Unit filename="Engine Source/RNFileManager.h" />
		<Unit filename="Engine Source/RNFunction.h" />
		<Unit filename="Engine Source/RNGamepad.cpp" />
		<Unit filename="Engine Source/RNGamepad.h" />
		<Unit filename="Engine Source/RNHit.h" />
		<Unit filename="Engine Source/RNIndexPath.cpp" />
		<Unit filename="Engine Source/RNIndexPath.h" />
		<Unit filename="Engine Source/RNIndexSet.cpp" />
		<Unit filename="Engine Source/RNIndexSet.h" />
		<Unit filename="Engine Source/RNInput.cpp" />
		<Unit filename="Engine Source/RNInput.h" />
		<Unit filename="Engine Source/RNInstancingNode.cpp" />
		<Unit filename="Engine Source/RNInstancingNode.h" />
		<Unit filename="Engine Source/RNInterpolation.h" />
		<Unit filename="Engine Source/RNIntervalTree.h" />
		<Unit filename="Engine Source/RNJSONSerialization.cpp" />
		<Unit filename="Engine Source/RNJSONSerialization.h" />
		<Unit filename="Engine Source/RNKernel.cpp" />
		<Unit filename="Engine Source/RNKernel.h" />
		<Unit filename="Engine Source/RNLight.cpp" />
		<Unit filename="Engine Source/RNLight.h" />
		<Unit filename="Engine Source/RNLockGuard.h" />
		<Unit filename="Engine Source/RNMaterial.cpp" />
		<Unit filename="Engine Source/RNMaterial.h" />
		<Unit filename="Engine Source/RNMath.cpp" />
		<Unit filename="Engine Source/RNMath.h" />
		<Unit filename="Engine Source/RNMatrix.h" />
		<Unit filename="Engine Source/RNMatrixQuaternion.h" />
		<Unit filename="Engine Source/RNMemory.cpp" />
		<Unit filename="Engine Source/RNMemory.h" />
		<Unit filename="Engine Source/RNMesh.cpp" />
		<Unit filename="Engine Source/RNMesh.h" />
		<Unit filename="Engine Source/RNMessage.cpp" />
		<Unit filename="Engine Source/RNMessage.h" />
		<Unit filename="Engine Source/RNModel.cpp" />
		<Unit filename="Engine Source/RNModel.h" />
		<Unit filename="Engine Source/RNModule.cpp" />
		<Unit filename="Engine Source/RNModule.h" />
		<Unit filename="Engine Source/RNMutex.cpp" />
		<Unit filename="Engine Source/RNMutex.h" />
		<Unit filename="Engine Source/RNNumber.cpp" />
		<Unit filename="Engine Source/RNNumber.h" />
		<Unit filename="Engine Source/RNObject.cpp" />
		<Unit filename="Engine Source/RNObject.h" />
		<Unit filename="Engine Source/RNOpenGL.cpp" />
		<Unit filename="Engine Source/RNOpenGL.h" />
		<Unit filename="Engine Source/RNOpenGLExtensions.h" />
		<Unit filename="Engine Source/RNParticle.cpp" />
		<Unit filename="Engine Source/RNParticle.h" />
		<Unit filename="Engine Source/RNParticleEmitter.cpp" />
		<Unit filename="Engine Source/RNParticleEmitter.h" />
		<Unit filename="Engine Source/RNPathManager.cpp" />
		<Unit filename="Engine Source/RNPathManager.h" />
		<Unit filename="Engine Source/RNPlane.h" />
		<Unit filename="Engine Source/RNPlatform.h" />
		<Unit filename="Engine Source/RNQuaternion.h" />
		<Unit filename="Engine Source/RNRandom.cpp" />
		<Unit filename="Engine Source/RNRandom.h" />
		<Unit filename="Engine Source/RNRect.h" />
		<Unit filename="Engine Source/RNRenderStorage.cpp" />
		<Unit filename="Engine Source/RNRenderStorage.h" />
		<Unit filename="Engine Source/RNRenderer.cpp" />
		<Unit filename="Engine Source/RNRenderer.h" />
		<Unit filename="Engine Source/RNRenderer32.cpp" />
		<Unit filename="Engine Source/RNRenderer32.h" />
		<Unit filename="Engine Source/RNResource.cpp" />
		<Unit filename="Engine Source/RNResource.h" />
		<Unit filename="Engine Source/RNResourceCoordinator.cpp" />
		<Unit filename="Engine Source/RNResourceCoordinator.h" />
		<Unit filename="Engine Source/RNResourcePool.cpp" />
		<Unit filename="Engine Source/RNResourcePool.h" />
		<Unit filename="Engine Source/RNRingbuffer.h" />
		<Unit filename="Engine Source/RNSIMD.h" />
		<Unit filename="Engine Source/RNSceneManager.cpp" />
		<Unit filename="Engine Source/RNSceneManager.h" />
		<Unit filename="Engine Source/RNSceneNode.cpp" />
		<Unit filename="Engine Source/RNSceneNode.h" />
		<Unit filename="Engine Source/RNScopeGuard.h" />
		<Unit filename="Engine Source/RNSemaphore.h" />
		<Unit filename="Engine Source/RNSerialization.cpp" />
		<Unit filename="Engine Source/RNSerialization.h" />
		<Unit filename="Engine Source/RNSettings.cpp" />
		<Unit filename="Engine Source/RNSettings.h" />
		<Unit filename="Engine Source/RNShader.cpp" />
		<Unit filename="Engine Source/RNShader.h" />
		<Unit filename="Engine Source/RNShaderLookup.h" />
		<Unit filename="Engine Source/RNShaderUnit.cpp" />
		<Unit filename="Engine Source/RNShaderUnit.h" />
		<Unit filename="Engine Source/RNSkeleton.cpp" />
		<Unit filename="Engine Source/RNSkeleton.h" />
		<Unit filename="Engine Source/RNSphere.h" />
		<Unit filename="Engine Source/RNSpinLock.h" />
		<Unit filename="Engine Source/RNString.cpp" />
		<Unit filename="Engine Source/RNString.h" />
		<Unit filename="Engine Source/RNTextNode.cpp" />
		<Unit filename="Engine Source/RNTextNode.h" />
		<Unit filename="Engine Source/RNTexture.cpp" />
		<Unit filename="Engine Source/RNTexture.h" />
		<Unit filename="Engine Source/RNTextureAtlas.cpp" />
		<Unit filename="Engine Source/RNTextureAtlas.h" />
		<Unit filename="Engine Source/RNTextureLoader.cpp" />
		<Unit filename="Engine Source/RNTextureLoader.h" />
		<Unit filename="Engine Source/RNThread.cpp" />
		<Unit filename="Engine Source/RNThread.h" />
		<Unit filename="Engine Source/RNThreadPool.cpp" />
		<Unit filename="Engine Source/RNThreadPool.h" />
		<Unit filename="Engine Source/RNTriggerZone.cpp" />
		<Unit filename="Engine Source/RNTriggerZone.h" />
		<Unit filename="Engine Source/RNUIButton.cpp" />
		<Unit filename="Engine Source/RNUIButton.h" />
		<Unit filename="Engine Source/RNUIColor.cpp" />
		<Unit filename="Engine Source/RNUIColor.h" />
		<Unit filename="Engine Source/RNUIControl.cpp" />
		<Unit filename="Engine Source/RNUIControl.h" />
		<Unit filename="Engine Source/RNUIFont.cpp" />
		<Unit filename="Engine Source/RNUIFont.h" />
		<Unit filename="Engine Source/RNUIGeometry.h" />
		<Unit filename="Engine Source/RNUIImage.cpp" />
		<Unit filename="Engine Source/RNUIImage.h" />
		<Unit filename="Engine Source/RNUIImageView.cpp" />
		<Unit filename="Engine Source/RNUIImageView.h" />
		<Unit filename="Engine Source/RNUILabel.cpp" />
		<Unit filename="Engine Source/RNUILabel.h" />
		<Unit filename="Engine Source/RNUIOutlineView.cpp" />
		<Unit filename="Engine Source/RNUIOutlineView.h" />
		<Unit filename="Engine Source/RNUIOutlineViewCell.cpp" />
		<Unit filename="Engine Source/RNUIOutlineViewCell.h" />
		<Unit filename="Engine Source/RNUIResponder.cpp" />
		<Unit filename="Engine Source/RNUIResponder.h" />
		<Unit filename="Engine Source/RNUIScrollView.cpp" />
		<Unit filename="Engine Source/RNUIScrollView.h" />
		<Unit filename="Engine Source/RNUIServer.cpp" />
		<Unit filename="Engine Source/RNUIServer.h" />
		<Unit filename="Engine Source/RNUIStyle.cpp" />
		<Unit filename="Engine Source/RNUIStyle.h" />
		<Unit filename="Engine Source/RNUITableView.cpp" />
		<Unit filename="Engine Source/RNUITableView.h" />
		<Unit filename="Engine Source/RNUITableViewCell.cpp" />
		<Unit filename="Engine Source/RNUITableViewCell.h" />
		<Unit filename="Engine Source/RNUITextEditor.cpp" />
		<Unit filename="Engine Source/RNUITextEditor.h" />
		<Unit filename="Engine Source/RNUITextField.cpp" />
		<Unit filename="Engine Source/RNUITextField.h" />
		<Unit filename="Engine Source/RNUITextStyle.h" />
		<Unit filename="Engine Source/RNUITypesetter.cpp" />
		<Unit filename="Engine Source/RNUITypesetter.h" />
		<Unit filename="Engine Source/RNUIUtilities.cpp" />
		<Unit filename="Engine Source/RNUIUtilities.h" />
		<Unit filename="Engine Source/RNUIView.cpp" />
		<Unit filename="Engine Source/RNUIView.h" />
		<Unit filename="Engine Source/RNUIWidget.cpp" />
		<Unit filename="Engine Source/RNUIWidget.h" />
		<Unit filename="Engine Source/RNUTF8String.cpp" />
		<Unit filename="Engine Source/RNUTF8String.h" />
		<Unit filename="Engine Source/RNUnicode.cpp" />
		<Unit filename="Engine Source/RNUnicode.h" />
		<Unit filename="Engine Source/RNVector.h" />
		<Unit filename="Engine Source/RNWater.cpp" />
		<Unit filename="Engine Source/RNWater.h" />
		<Unit filename="Engine Source/RNWindow.cpp" />
		<Unit filename="Engine Source/RNWindow.h" />
		<Unit filename="Engine Source/RNWorld.cpp" />
		<Unit filename="Engine Source/RNWorld.h" />
		<Unit filename="Engine Source/RNWorldAttachment.cpp" />
		<Unit filename="Engine Source/RNWorldAttachment.h" />
		<Unit filename="Engine Source/RNWrappingObject.h" />
		<Unit filename="Engine Source/Rayne.h" />
		<Unit filename="Engine Source/gl11.h" />
		<Unit filename="Engine Source/glext.h" />
		<Unit filename="Engine Source/wglext.h" />
		<Extensions>
			<code_completion />
			<envvars />
			<debugger />
			<DoxyBlocks>
				<comment_style block="0" line="0" />
				<doxyfile_project />
				<doxyfile_build />
				<doxyfile_warnings />
				<doxyfile_output />
				<doxyfile_dot />
				<general />
			</DoxyBlocks>
		</Extensions>
	</Project>
</CodeBlocks_project_file>
