<?xml version="1.0" encoding="utf-8"?>
<Project ToolsVersion="4.0" xmlns="http://schemas.microsoft.com/developer/msbuild/2003">
  <ItemGroup>
    <Filter Include="Source Files">
      <UniqueIdentifier>{4FC737F1-C7A5-4376-A066-2A32D752A2FF}</UniqueIdentifier>
      <Extensions>cpp;c;cc;cxx;def;odl;idl;hpj;bat;asm;asmx</Extensions>
    </Filter>
    <Filter Include="Header Files">
      <UniqueIdentifier>{93995380-89BD-4b04-88EB-625FBE52EBFB}</UniqueIdentifier>
      <Extensions>h;hpp;hxx;hm;inl;inc;xsd</Extensions>
    </Filter>
    <Filter Include="Resource Files">
      <UniqueIdentifier>{67DA6AB6-F800-4c08-8B7A-83BB121AAD01}</UniqueIdentifier>
      <Extensions>rc;ico;cur;bmp;dlg;rc2;rct;bin;rgs;gif;jpg;jpeg;jpe;resx;tiff;tif;png;wav;mfcribbon-ms</Extensions>
    </Filter>
  </ItemGroup>
  <ItemGroup>
    <ClInclude Include="Engine Source\gl11.h">
      <Filter>Header Files</Filter>
    </ClInclude>
    <ClInclude Include="Engine Source\glext.h">
      <Filter>Header Files</Filter>
    </ClInclude>
    <ClInclude Include="Engine Source\RNArray.h">
      <Filter>Header Files</Filter>
    </ClInclude>
    <ClInclude Include="Engine Source\RNBase.h">
      <Filter>Header Files</Filter>
    </ClInclude>
    <ClInclude Include="Engine Source\RNCamera.h">
      <Filter>Header Files</Filter>
    </ClInclude>
    <ClInclude Include="Engine Source\RNColor.h">
      <Filter>Header Files</Filter>
    </ClInclude>
    <ClInclude Include="Engine Source\RNContext.h">
      <Filter>Header Files</Filter>
    </ClInclude>
    <ClInclude Include="Engine Source\RNDefines.h">
      <Filter>Header Files</Filter>
    </ClInclude>
    <ClInclude Include="Engine Source\RNEntity.h">
      <Filter>Header Files</Filter>
    </ClInclude>
    <ClInclude Include="Engine Source\RNError.h">
      <Filter>Header Files</Filter>
    </ClInclude>
    <ClInclude Include="Engine Source\RNErrorGroupGraphics.h">
      <Filter>Header Files</Filter>
    </ClInclude>
    <ClInclude Include="Engine Source\RNFile.h">
      <Filter>Header Files</Filter>
    </ClInclude>
    <ClInclude Include="Engine Source\RNKernel.h">
      <Filter>Header Files</Filter>
    </ClInclude>
    <ClInclude Include="Engine Source\RNList.h">
      <Filter>Header Files</Filter>
    </ClInclude>
    <ClInclude Include="Engine Source\RNMaterial.h">
      <Filter>Header Files</Filter>
    </ClInclude>
    <ClInclude Include="Engine Source\RNMatrix.h">
      <Filter>Header Files</Filter>
    </ClInclude>
    <ClInclude Include="Engine Source\RNMatrixQuaternion.h">
      <Filter>Header Files</Filter>
    </ClInclude>
    <ClInclude Include="Engine Source\RNMesh.h">
      <Filter>Header Files</Filter>
    </ClInclude>
    <ClInclude Include="Engine Source\RNMutex.h">
      <Filter>Header Files</Filter>
    </ClInclude>
    <ClInclude Include="Engine Source\RNObject.h">
      <Filter>Header Files</Filter>
    </ClInclude>
    <ClInclude Include="Engine Source\RNOpenGL.h">
      <Filter>Header Files</Filter>
    </ClInclude>
    <ClInclude Include="Engine Source\RNPlatform.h">
      <Filter>Header Files</Filter>
    </ClInclude>
    <ClInclude Include="Engine Source\RNQuaternion.h">
      <Filter>Header Files</Filter>
    </ClInclude>
    <ClInclude Include="Engine Source\RNRect.h">
      <Filter>Header Files</Filter>
    </ClInclude>
    <ClInclude Include="Engine Source\RNRendererBackend.h">
      <Filter>Header Files</Filter>
    </ClInclude>
    <ClInclude Include="Engine Source\RNRendererFrontend.h">
      <Filter>Header Files</Filter>
    </ClInclude>
    <ClInclude Include="Engine Source\RNRendering.h">
      <Filter>Header Files</Filter>
    </ClInclude>
    <ClInclude Include="Engine Source\RNRenderingResource.h">
      <Filter>Header Files</Filter>
    </ClInclude>
    <ClInclude Include="Engine Source\RNShader.h">
      <Filter>Header Files</Filter>
    </ClInclude>
    <ClInclude Include="Engine Source\RNSpinLock.h">
      <Filter>Header Files</Filter>
    </ClInclude>
    <ClInclude Include="Engine Source\RNTexture.h">
      <Filter>Header Files</Filter>
    </ClInclude>
    <ClInclude Include="Engine Source\RNTextureLoader.h">
      <Filter>Header Files</Filter>
    </ClInclude>
    <ClInclude Include="Engine Source\RNThread.h">
      <Filter>Header Files</Filter>
    </ClInclude>
    <ClInclude Include="Engine Source\RNVector.h">
      <Filter>Header Files</Filter>
    </ClInclude>
    <ClInclude Include="Engine Source\RNWindow.h">
      <Filter>Header Files</Filter>
    </ClInclude>
    <ClInclude Include="Engine Source\RNWorld.h">
      <Filter>Header Files</Filter>
    </ClInclude>
    <ClInclude Include="Engine Source\wglext.h">
      <Filter>Header Files</Filter>
    </ClInclude>
  </ItemGroup>
  <ItemGroup>
    <ClCompile Include="Engine Source\RNBase.cpp">
      <Filter>Source Files</Filter>
    </ClCompile>
    <ClCompile Include="Engine Source\RNCamera.cpp">
      <Filter>Source Files</Filter>
    </ClCompile>
    <ClCompile Include="Engine Source\RNContext.cpp">
      <Filter>Source Files</Filter>
    </ClCompile>
    <ClCompile Include="Engine Source\RNEntity.cpp">
      <Filter>Source Files</Filter>
    </ClCompile>
    <ClCompile Include="Engine Source\RNFile.cpp">
      <Filter>Source Files</Filter>
    </ClCompile>
    <ClCompile Include="Engine Source\RNKernel.cpp">
      <Filter>Source Files</Filter>
    </ClCompile>
    <ClCompile Include="Engine Source\RNList.cpp">
      <Filter>Source Files</Filter>
    </ClCompile>
    <ClCompile Include="Engine Source\RNMaterial.cpp">
      <Filter>Source Files</Filter>
    </ClCompile>
    <ClCompile Include="Engine Source\RNMesh.cpp">
      <Filter>Source Files</Filter>
    </ClCompile>
    <ClCompile Include="Engine Source\RNMutex.cpp">
      <Filter>Source Files</Filter>
    </ClCompile>
    <ClCompile Include="Engine Source\RNObject.cpp">
      <Filter>Source Files</Filter>
    </ClCompile>
    <ClCompile Include="Engine Source\RNOpenGL.cpp">
      <Filter>Source Files</Filter>
    </ClCompile>
    <ClCompile Include="Engine Source\RNRendererBackend.cpp">
      <Filter>Source Files</Filter>
    </ClCompile>
    <ClCompile Include="Engine Source\RNRendererFrontend.cpp">
      <Filter>Source Files</Filter>
    </ClCompile>
    <ClCompile Include="Engine Source\RNShader.cpp">
      <Filter>Source Files</Filter>
    </ClCompile>
    <ClCompile Include="Engine Source\RNTexture.cpp">
      <Filter>Source Files</Filter>
    </ClCompile>
    <ClCompile Include="Engine Source\RNTextureLoader.cpp">
      <Filter>Source Files</Filter>
    </ClCompile>
    <ClCompile Include="Engine Source\RNThread.cpp">
      <Filter>Source Files</Filter>
    </ClCompile>
    <ClCompile Include="Engine Source\RNWindow.cpp">
      <Filter>Source Files</Filter>
    </ClCompile>
    <ClCompile Include="Engine Source\RNWorld.cpp">
      <Filter>Source Files</Filter>
    </ClCompile>
  </ItemGroup>
</Project>