// !$*UTF8*$!
{
	archiveVersion = 1;
	classes = {
	};
	objectVersion = 46;
	objects = {

/* Begin PBXBuildFile section */
		E92D612A16B75B5100BFCC44 /* TGApplication.cpp in Sources */ = {isa = PBXBuildFile; fileRef = E92D612616B75B5100BFCC44 /* TGApplication.cpp */; };
		E92D612B16B75B5100BFCC44 /* TGWorld.cpp in Sources */ = {isa = PBXBuildFile; fileRef = E92D612816B75B5100BFCC44 /* TGWorld.cpp */; };
		E92D614316B75BBD00BFCC44 /* libRayne.a in Frameworks */ = {isa = PBXBuildFile; fileRef = E92D614016B75BB400BFCC44 /* libRayne.a */; };
/* End PBXBuildFile section */

/* Begin PBXContainerItemProxy section */
		E92D613F16B75BB400BFCC44 /* PBXContainerItemProxy */ = {
			isa = PBXContainerItemProxy;
			containerPortal = E92D613B16B75BB400BFCC44 /* Rayne.xcodeproj */;
			proxyType = 2;
			remoteGlobalIDString = E9619EE7169616FD00DA187E;
			remoteInfo = Rayne;
		};
		E92D614116B75BB800BFCC44 /* PBXContainerItemProxy */ = {
			isa = PBXContainerItemProxy;
			containerPortal = E92D613B16B75BB400BFCC44 /* Rayne.xcodeproj */;
			proxyType = 1;
			remoteGlobalIDString = E9619EE6169616FD00DA187E;
			remoteInfo = Rayne;
		};
/* End PBXContainerItemProxy section */

/* Begin PBXCopyFilesBuildPhase section */
		E92D611116B75B2100BFCC44 /* CopyFiles */ = {
			isa = PBXCopyFilesBuildPhase;
			buildActionMask = 2147483647;
			dstPath = "include/${PRODUCT_NAME}";
			dstSubfolderSpec = 16;
			files = (
			);
			runOnlyForDeploymentPostprocessing = 0;
		};
/* End PBXCopyFilesBuildPhase section */

/* Begin PBXFileReference section */
		E92D611316B75B2100BFCC44 /* libGame.a */ = {isa = PBXFileReference; explicitFileType = archive.ar; includeInIndex = 0; path = libGame.a; sourceTree = BUILT_PRODUCTS_DIR; };
		E92D612616B75B5100BFCC44 /* TGApplication.cpp */ = {isa = PBXFileReference; fileEncoding = 4; lastKnownFileType = sourcecode.cpp.cpp; path = TGApplication.cpp; sourceTree = "<group>"; };
		E92D612716B75B5100BFCC44 /* TGApplication.h */ = {isa = PBXFileReference; fileEncoding = 4; lastKnownFileType = sourcecode.c.h; path = TGApplication.h; sourceTree = "<group>"; };
		E92D612816B75B5100BFCC44 /* TGWorld.cpp */ = {isa = PBXFileReference; fileEncoding = 4; lastKnownFileType = sourcecode.cpp.cpp; path = TGWorld.cpp; sourceTree = "<group>"; };
		E92D612916B75B5100BFCC44 /* TGWorld.h */ = {isa = PBXFileReference; fileEncoding = 4; lastKnownFileType = sourcecode.c.h; path = TGWorld.h; sourceTree = "<group>"; };
		E92D613B16B75BB400BFCC44 /* Rayne.xcodeproj */ = {isa = PBXFileReference; lastKnownFileType = "wrapper.pb-project"; name = Rayne.xcodeproj; path = ../../Xcode/iOS/Rayne.xcodeproj; sourceTree = "<group>"; };
/* End PBXFileReference section */

/* Begin PBXFrameworksBuildPhase section */
		E92D611016B75B2100BFCC44 /* Frameworks */ = {
			isa = PBXFrameworksBuildPhase;
			buildActionMask = 2147483647;
			files = (
				E92D614316B75BBD00BFCC44 /* libRayne.a in Frameworks */,
			);
			runOnlyForDeploymentPostprocessing = 0;
		};
/* End PBXFrameworksBuildPhase section */

/* Begin PBXGroup section */
		E92D610A16B75B2100BFCC44 = {
			isa = PBXGroup;
			children = (
				E92D612516B75B5100BFCC44 /* Source */,
				E92D611516B75B2100BFCC44 /* Frameworks */,
				E92D611416B75B2100BFCC44 /* Products */,
			);
			sourceTree = "<group>";
		};
		E92D611416B75B2100BFCC44 /* Products */ = {
			isa = PBXGroup;
			children = (
				E92D611316B75B2100BFCC44 /* libGame.a */,
			);
			name = Products;
			sourceTree = "<group>";
		};
		E92D611516B75B2100BFCC44 /* Frameworks */ = {
			isa = PBXGroup;
			children = (
				E92D613B16B75BB400BFCC44 /* Rayne.xcodeproj */,
			);
			name = Frameworks;
			sourceTree = "<group>";
		};
		E92D612516B75B5100BFCC44 /* Source */ = {
			isa = PBXGroup;
			children = (
				E92D612616B75B5100BFCC44 /* TGApplication.cpp */,
				E92D612716B75B5100BFCC44 /* TGApplication.h */,
				E92D612816B75B5100BFCC44 /* TGWorld.cpp */,
				E92D612916B75B5100BFCC44 /* TGWorld.h */,
			);
			path = Source;
			sourceTree = "<group>";
		};
		E92D613C16B75BB400BFCC44 /* Products */ = {
			isa = PBXGroup;
			children = (
				E92D614016B75BB400BFCC44 /* libRayne.a */,
			);
			name = Products;
			sourceTree = "<group>";
		};
/* End PBXGroup section */

/* Begin PBXNativeTarget section */
		E92D611216B75B2100BFCC44 /* Game */ = {
			isa = PBXNativeTarget;
			buildConfigurationList = E92D612116B75B2100BFCC44 /* Build configuration list for PBXNativeTarget "Game" */;
			buildPhases = (
				E92D610F16B75B2100BFCC44 /* Sources */,
				E92D611016B75B2100BFCC44 /* Frameworks */,
				E92D611116B75B2100BFCC44 /* CopyFiles */,
			);
			buildRules = (
			);
			dependencies = (
				E92D614216B75BB800BFCC44 /* PBXTargetDependency */,
			);
			name = Game;
			productName = Game;
			productReference = E92D611316B75B2100BFCC44 /* libGame.a */;
			productType = "com.apple.product-type.library.static";
		};
/* End PBXNativeTarget section */

/* Begin PBXProject section */
		E92D610B16B75B2100BFCC44 /* Project object */ = {
			isa = PBXProject;
			attributes = {
				LastUpgradeCheck = 0460;
				ORGANIZATIONNAME = "Sidney Just";
			};
			buildConfigurationList = E92D610E16B75B2100BFCC44 /* Build configuration list for PBXProject "Game-ios" */;
			compatibilityVersion = "Xcode 3.2";
			developmentRegion = English;
			hasScannedForEncodings = 0;
			knownRegions = (
				en,
			);
			mainGroup = E92D610A16B75B2100BFCC44;
			productRefGroup = E92D611416B75B2100BFCC44 /* Products */;
			projectDirPath = "";
			projectReferences = (
				{
					ProductGroup = E92D613C16B75BB400BFCC44 /* Products */;
					ProjectRef = E92D613B16B75BB400BFCC44 /* Rayne.xcodeproj */;
				},
			);
			projectRoot = "";
			targets = (
				E92D611216B75B2100BFCC44 /* Game */,
			);
		};
/* End PBXProject section */

/* Begin PBXReferenceProxy section */
		E92D614016B75BB400BFCC44 /* libRayne.a */ = {
			isa = PBXReferenceProxy;
			fileType = archive.ar;
			path = libRayne.a;
			remoteRef = E92D613F16B75BB400BFCC44 /* PBXContainerItemProxy */;
			sourceTree = BUILT_PRODUCTS_DIR;
		};
/* End PBXReferenceProxy section */

/* Begin PBXSourcesBuildPhase section */
		E92D610F16B75B2100BFCC44 /* Sources */ = {
			isa = PBXSourcesBuildPhase;
			buildActionMask = 2147483647;
			files = (
				E92D612A16B75B5100BFCC44 /* TGApplication.cpp in Sources */,
				E92D612B16B75B5100BFCC44 /* TGWorld.cpp in Sources */,
			);
			runOnlyForDeploymentPostprocessing = 0;
		};
/* End PBXSourcesBuildPhase section */

/* Begin PBXTargetDependency section */
		E92D614216B75BB800BFCC44 /* PBXTargetDependency */ = {
			isa = PBXTargetDependency;
			name = Rayne;
			targetProxy = E92D614116B75BB800BFCC44 /* PBXContainerItemProxy */;
		};
/* End PBXTargetDependency section */

/* Begin XCBuildConfiguration section */
		E92D611F16B75B2100BFCC44 /* Debug */ = {
			isa = XCBuildConfiguration;
			buildSettings = {
				ALWAYS_SEARCH_USER_PATHS = NO;
				CLANG_CXX_LANGUAGE_STANDARD = "gnu++0x";
				CLANG_CXX_LIBRARY = "libc++";
				CLANG_WARN_CONSTANT_CONVERSION = YES;
				CLANG_WARN_EMPTY_BODY = YES;
				CLANG_WARN_ENUM_CONVERSION = YES;
				CLANG_WARN_INT_CONVERSION = YES;
				CLANG_WARN__DUPLICATE_METHOD_MATCH = YES;
				COPY_PHASE_STRIP = NO;
				GCC_C_LANGUAGE_STANDARD = gnu99;
				GCC_DYNAMIC_NO_PIC = NO;
				GCC_OPTIMIZATION_LEVEL = 0;
				GCC_PREPROCESSOR_DEFINITIONS = (
					"DEBUG=1",
					"$(inherited)",
				);
				GCC_SYMBOLS_PRIVATE_EXTERN = NO;
				GCC_WARN_ABOUT_RETURN_TYPE = YES;
				GCC_WARN_UNINITIALIZED_AUTOS = YES;
				GCC_WARN_UNUSED_VARIABLE = YES;
				IPHONEOS_DEPLOYMENT_TARGET = 5.0;
				ONLY_ACTIVE_ARCH = YES;
				SDKROOT = iphoneos;
			};
			name = Debug;
		};
		E92D612016B75B2100BFCC44 /* Release */ = {
			isa = XCBuildConfiguration;
			buildSettings = {
				ALWAYS_SEARCH_USER_PATHS = NO;
				CLANG_CXX_LANGUAGE_STANDARD = "gnu++0x";
				CLANG_CXX_LIBRARY = "libc++";
				CLANG_WARN_CONSTANT_CONVERSION = YES;
				CLANG_WARN_EMPTY_BODY = YES;
				CLANG_WARN_ENUM_CONVERSION = YES;
				CLANG_WARN_INT_CONVERSION = YES;
				CLANG_WARN__DUPLICATE_METHOD_MATCH = YES;
				COPY_PHASE_STRIP = YES;
				GCC_C_LANGUAGE_STANDARD = gnu99;
				GCC_OPTIMIZATION_LEVEL = 3;
				GCC_PREPROCESSOR_DEFINITIONS = "NDEBUG=1";
				GCC_WARN_ABOUT_RETURN_TYPE = YES;
				GCC_WARN_UNINITIALIZED_AUTOS = YES;
				GCC_WARN_UNUSED_VARIABLE = YES;
				IPHONEOS_DEPLOYMENT_TARGET = 5.0;
				SDKROOT = iphoneos;
				VALIDATE_PRODUCT = YES;
			};
			name = Release;
		};
		E92D612216B75B2100BFCC44 /* Debug */ = {
			isa = XCBuildConfiguration;
			buildSettings = {
				DSTROOT = /tmp/Game.dst;
				GCC_INPUT_FILETYPE = automatic;
				GCC_PRECOMPILE_PREFIX_HEADER = NO;
				GCC_PREFIX_HEADER = "";
				HEADER_SEARCH_PATHS = (
					"\"$(SRCROOT)/../../Engine Source\"",
				);
				OTHER_LDFLAGS = "-ObjC";
				PRODUCT_NAME = "$(TARGET_NAME)";
				SKIP_INSTALL = YES;
			};
			name = Debug;
		};
		E92D612316B75B2100BFCC44 /* Release */ = {
			isa = XCBuildConfiguration;
			buildSettings = {
				DSTROOT = /tmp/Game.dst;
				GCC_INPUT_FILETYPE = automatic;
				GCC_PRECOMPILE_PREFIX_HEADER = NO;
				GCC_PREFIX_HEADER = "";
				HEADER_SEARCH_PATHS = (
					"\"$(SRCROOT)/../../Engine Source\"",
				);
				OTHER_LDFLAGS = "-ObjC";
				PRODUCT_NAME = "$(TARGET_NAME)";
				SKIP_INSTALL = YES;
			};
			name = Release;
		};
		E9AB7F1B16D42B87006BB4CB /* Optimized */ = {
			isa = XCBuildConfiguration;
			buildSettings = {
				ALWAYS_SEARCH_USER_PATHS = NO;
				CLANG_CXX_LANGUAGE_STANDARD = "gnu++0x";
				CLANG_CXX_LIBRARY = "libc++";
				CLANG_WARN_CONSTANT_CONVERSION = YES;
				CLANG_WARN_EMPTY_BODY = YES;
				CLANG_WARN_ENUM_CONVERSION = YES;
				CLANG_WARN_INT_CONVERSION = YES;
				CLANG_WARN__DUPLICATE_METHOD_MATCH = YES;
				COPY_PHASE_STRIP = YES;
				GCC_C_LANGUAGE_STANDARD = gnu99;
				GCC_OPTIMIZATION_LEVEL = 3;
				GCC_PREPROCESSOR_DEFINITIONS = "DEBUG=1";
				GCC_WARN_ABOUT_RETURN_TYPE = YES;
				GCC_WARN_UNINITIALIZED_AUTOS = YES;
				GCC_WARN_UNUSED_VARIABLE = YES;
				IPHONEOS_DEPLOYMENT_TARGET = 5.0;
				SDKROOT = iphoneos;
				VALIDATE_PRODUCT = YES;
			};
			name = Optimized;
		};
		E9AB7F1C16D42B87006BB4CB /* Optimized */ = {
			isa = XCBuildConfiguration;
			buildSettings = {
				DSTROOT = /tmp/Game.dst;
				GCC_INPUT_FILETYPE = automatic;
				GCC_PRECOMPILE_PREFIX_HEADER = NO;
				GCC_PREFIX_HEADER = "";
				HEADER_SEARCH_PATHS = (
					"\"$(SRCROOT)/../../Engine Source\"",
				);
				OTHER_LDFLAGS = "-ObjC";
				PRODUCT_NAME = "$(TARGET_NAME)";
				SKIP_INSTALL = YES;
			};
			name = Optimized;
		};
/* End XCBuildConfiguration section */

/* Begin XCConfigurationList section */
		E92D610E16B75B2100BFCC44 /* Build configuration list for PBXProject "Game-ios" */ = {
			isa = XCConfigurationList;
			buildConfigurations = (
				E92D611F16B75B2100BFCC44 /* Debug */,
				E92D612016B75B2100BFCC44 /* Release */,
				E9AB7F1B16D42B87006BB4CB /* Optimized */,
			);
			defaultConfigurationIsVisible = 0;
			defaultConfigurationName = Release;
		};
		E92D612116B75B2100BFCC44 /* Build configuration list for PBXNativeTarget "Game" */ = {
			isa = XCConfigurationList;
			buildConfigurations = (
				E92D612216B75B2100BFCC44 /* Debug */,
				E92D612316B75B2100BFCC44 /* Release */,
				E9AB7F1C16D42B87006BB4CB /* Optimized */,
			);
			defaultConfigurationIsVisible = 0;
			defaultConfigurationName = Release;
		};
/* End XCConfigurationList section */
	};
	rootObject = E92D610B16B75B2100BFCC44 /* Project object */;
}
