// !$*UTF8*$!
{
	archiveVersion = 1;
	classes = {
	};
	objectVersion = 46;
	objects = {

/* Begin PBXBuildFile section */
		E92A627F16DECC92006E68AF /* RTMain.cpp in Sources */ = {isa = PBXBuildFile; fileRef = E92A627D16DECC92006E68AF /* RTMain.cpp */; };
		E92A628016DECC92006E68AF /* RTMain.h in Headers */ = {isa = PBXBuildFile; fileRef = E92A627E16DECC92006E68AF /* RTMain.h */; };
/* End PBXBuildFile section */

/* Begin PBXFileReference section */
		E92A627516DECC2F006E68AF /* librayne-test.dylib */ = {isa = PBXFileReference; explicitFileType = "compiled.mach-o.dylib"; includeInIndex = 0; path = "librayne-test.dylib"; sourceTree = BUILT_PRODUCTS_DIR; };
		E92A627D16DECC92006E68AF /* RTMain.cpp */ = {isa = PBXFileReference; fileEncoding = 4; lastKnownFileType = sourcecode.cpp.cpp; path = RTMain.cpp; sourceTree = "<group>"; };
		E92A627E16DECC92006E68AF /* RTMain.h */ = {isa = PBXFileReference; fileEncoding = 4; lastKnownFileType = sourcecode.c.h; path = RTMain.h; sourceTree = "<group>"; };
/* End PBXFileReference section */

/* Begin PBXFrameworksBuildPhase section */
		E92A627216DECC2F006E68AF /* Frameworks */ = {
			isa = PBXFrameworksBuildPhase;
			buildActionMask = 2147483647;
			files = (
			);
			runOnlyForDeploymentPostprocessing = 0;
		};
/* End PBXFrameworksBuildPhase section */

/* Begin PBXGroup section */
		E92A626C16DECC2F006E68AF = {
			isa = PBXGroup;
			children = (
				E92A627C16DECC76006E68AF /* Source */,
				E92A627616DECC2F006E68AF /* Products */,
			);
			sourceTree = "<group>";
		};
		E92A627616DECC2F006E68AF /* Products */ = {
			isa = PBXGroup;
			children = (
				E92A627516DECC2F006E68AF /* librayne-test.dylib */,
			);
			name = Products;
			sourceTree = "<group>";
		};
		E92A627C16DECC76006E68AF /* Source */ = {
			isa = PBXGroup;
			children = (
				E92A627D16DECC92006E68AF /* RTMain.cpp */,
				E92A627E16DECC92006E68AF /* RTMain.h */,
			);
			path = Source;
			sourceTree = "<group>";
		};
/* End PBXGroup section */

/* Begin PBXHeadersBuildPhase section */
		E92A627316DECC2F006E68AF /* Headers */ = {
			isa = PBXHeadersBuildPhase;
			buildActionMask = 2147483647;
			files = (
				E92A628016DECC92006E68AF /* RTMain.h in Headers */,
			);
			runOnlyForDeploymentPostprocessing = 0;
		};
/* End PBXHeadersBuildPhase section */

/* Begin PBXNativeTarget section */
		E92A627416DECC2F006E68AF /* rayne-test */ = {
			isa = PBXNativeTarget;
			buildConfigurationList = E92A627916DECC2F006E68AF /* Build configuration list for PBXNativeTarget "rayne-test" */;
			buildPhases = (
				E92A627116DECC2F006E68AF /* Sources */,
				E92A627216DECC2F006E68AF /* Frameworks */,
				E92A627316DECC2F006E68AF /* Headers */,
				E98A89CB16E033CA0012A47E /* ShellScript */,
			);
			buildRules = (
			);
			dependencies = (
			);
			name = "rayne-test";
			productName = "rayne-test";
			productReference = E92A627516DECC2F006E68AF /* librayne-test.dylib */;
			productType = "com.apple.product-type.library.dynamic";
		};
/* End PBXNativeTarget section */

/* Begin PBXProject section */
		E92A626D16DECC2F006E68AF /* Project object */ = {
			isa = PBXProject;
			attributes = {
				LastUpgradeCheck = 0460;
				ORGANIZATIONNAME = "Sidney Just";
			};
			buildConfigurationList = E92A627016DECC2F006E68AF /* Build configuration list for PBXProject "rayne-test" */;
			compatibilityVersion = "Xcode 3.2";
			developmentRegion = English;
			hasScannedForEncodings = 0;
			knownRegions = (
				en,
			);
			mainGroup = E92A626C16DECC2F006E68AF;
			productRefGroup = E92A627616DECC2F006E68AF /* Products */;
			projectDirPath = "";
			projectRoot = "";
			targets = (
				E92A627416DECC2F006E68AF /* rayne-test */,
			);
		};
/* End PBXProject section */

/* Begin PBXShellScriptBuildPhase section */
		E98A89CB16E033CA0012A47E /* ShellScript */ = {
			isa = PBXShellScriptBuildPhase;
			buildActionMask = 2147483647;
			files = (
			);
			inputPaths = (
			);
			outputPaths = (
			);
			runOnlyForDeploymentPostprocessing = 0;
			shellPath = /bin/sh;
			shellScript = "BUILD_DIR=\"$PROJECT_DIR/../Build\"\nINCLUDE_DIR=\"$BUILT_PRODUCTS_DIR/usr/local/include\"\n\nmkdir -p \"$BUILD_DIR\"\nmkdir -p \"$BUILD_DIR/include\"\ncp \"$BUILT_PRODUCTS_DIR/$EXECUTABLE_NAME\" \"$BUILD_DIR/$EXECUTABLE_NAME\"\n\n\nif [ -d \"$INCLUDE_DIR\" ]; then\n    rsync -avz \"$INCLUDE_DIR\" \"$BUILD_DIR\"\nfi";
		};
/* End PBXShellScriptBuildPhase section */

/* Begin PBXSourcesBuildPhase section */
		E92A627116DECC2F006E68AF /* Sources */ = {
			isa = PBXSourcesBuildPhase;
			buildActionMask = 2147483647;
			files = (
				E92A627F16DECC92006E68AF /* RTMain.cpp in Sources */,
			);
			runOnlyForDeploymentPostprocessing = 0;
		};
/* End PBXSourcesBuildPhase section */

/* Begin XCBuildConfiguration section */
		E92A627716DECC2F006E68AF /* Debug */ = {
			isa = XCBuildConfiguration;
			buildSettings = {
				ALWAYS_SEARCH_USER_PATHS = NO;
				ARCHS = "$(ARCHS_STANDARD_64_BIT)";
				CLANG_CXX_LANGUAGE_STANDARD = "gnu++0x";
				CLANG_CXX_LIBRARY = "libc++";
				CLANG_WARN_CONSTANT_CONVERSION = YES;
				CLANG_WARN_EMPTY_BODY = YES;
				CLANG_WARN_ENUM_CONVERSION = YES;
				CLANG_WARN_INT_CONVERSION = YES;
				CLANG_WARN__DUPLICATE_METHOD_MATCH = YES;
				COPY_PHASE_STRIP = NO;
				GCC_C_LANGUAGE_STANDARD = gnu99;
				GCC_DYNAMIC_NO_PIC = NO;
				GCC_ENABLE_OBJC_EXCEPTIONS = YES;
				GCC_OPTIMIZATION_LEVEL = 0;
				GCC_PREPROCESSOR_DEFINITIONS = (
					"DEBUG=1",
					"$(inherited)",
				);
				GCC_SYMBOLS_PRIVATE_EXTERN = NO;
				GCC_WARN_64_TO_32_BIT_CONVERSION = YES;
				GCC_WARN_ABOUT_RETURN_TYPE = YES;
				GCC_WARN_UNINITIALIZED_AUTOS = YES;
				GCC_WARN_UNUSED_VARIABLE = YES;
				MACOSX_DEPLOYMENT_TARGET = 10.8;
				ONLY_ACTIVE_ARCH = YES;
				SDKROOT = macosx;
			};
			name = Debug;
		};
		E92A627816DECC2F006E68AF /* Release */ = {
			isa = XCBuildConfiguration;
			buildSettings = {
				ALWAYS_SEARCH_USER_PATHS = NO;
				ARCHS = "$(ARCHS_STANDARD_64_BIT)";
				CLANG_CXX_LANGUAGE_STANDARD = "gnu++0x";
				CLANG_CXX_LIBRARY = "libc++";
				CLANG_WARN_CONSTANT_CONVERSION = YES;
				CLANG_WARN_EMPTY_BODY = YES;
				CLANG_WARN_ENUM_CONVERSION = YES;
				CLANG_WARN_INT_CONVERSION = YES;
				CLANG_WARN__DUPLICATE_METHOD_MATCH = YES;
				COPY_PHASE_STRIP = YES;
				DEBUG_INFORMATION_FORMAT = "dwarf-with-dsym";
				GCC_C_LANGUAGE_STANDARD = gnu99;
				GCC_ENABLE_OBJC_EXCEPTIONS = YES;
				GCC_WARN_64_TO_32_BIT_CONVERSION = YES;
				GCC_WARN_ABOUT_RETURN_TYPE = YES;
				GCC_WARN_UNINITIALIZED_AUTOS = YES;
				GCC_WARN_UNUSED_VARIABLE = YES;
				MACOSX_DEPLOYMENT_TARGET = 10.8;
				SDKROOT = macosx;
			};
			name = Release;
		};
		E92A627A16DECC2F006E68AF /* Debug */ = {
			isa = XCBuildConfiguration;
			buildSettings = {
				EXECUTABLE_PREFIX = lib;
				HEADER_SEARCH_PATHS = (
					"\"$(SRCROOT)/../../Engine Source\"",
				);
				PRODUCT_NAME = "$(TARGET_NAME)";
			};
			name = Debug;
		};
		E92A627B16DECC2F006E68AF /* Release */ = {
			isa = XCBuildConfiguration;
			buildSettings = {
				EXECUTABLE_PREFIX = lib;
				HEADER_SEARCH_PATHS = (
					"\"$(SRCROOT)/../../Engine Source\"",
				);
				PRODUCT_NAME = "$(TARGET_NAME)";
			};
			name = Release;
		};
/* End XCBuildConfiguration section */

/* Begin XCConfigurationList section */
		E92A627016DECC2F006E68AF /* Build configuration list for PBXProject "rayne-test" */ = {
			isa = XCConfigurationList;
			buildConfigurations = (
				E92A627716DECC2F006E68AF /* Debug */,
				E92A627816DECC2F006E68AF /* Release */,
			);
			defaultConfigurationIsVisible = 0;
			defaultConfigurationName = Release;
		};
		E92A627916DECC2F006E68AF /* Build configuration list for PBXNativeTarget "rayne-test" */ = {
			isa = XCConfigurationList;
			buildConfigurations = (
				E92A627A16DECC2F006E68AF /* Debug */,
				E92A627B16DECC2F006E68AF /* Release */,
			);
			defaultConfigurationIsVisible = 0;
			defaultConfigurationName = Release;
		};
/* End XCConfigurationList section */
	};
	rootObject = E92A626D16DECC2F006E68AF /* Project object */;
}
