<?xml version="1.0" encoding="UTF-8" standalone="yes" ?>
<CodeBlocks_project_file>
	<FileVersion major="1" minor="6" />
	<Project>
		<Option title="Rayne Player" />
		<Option pch_mode="2" />
		<Option compiler="gcc" />
		<Build>
			<Target title="Debug">
				<Option output="bin/Debug/Rayne Player" prefix_auto="1" extension_auto="1" />
				<Option working_dir="../../" />
				<Option object_output="obj/Debug/" />
				<Option type="1" />
				<Option compiler="gcc" />
				<Option parameters="-r Engine\ Test/Game/Resources" />
				<Compiler>
					<Add option="-g" />
					<Add option="-fpermissive" />
				</Compiler>
				<Linker>
					<Add directory="../../bin/Debug" />
				</Linker>
			</Target>
			<Target title="Release">
				<Option output="bin/Release/Rayne Player" prefix_auto="1" extension_auto="1" />
				<Option working_dir="../../" />
				<Option object_output="obj/Release/" />
				<Option type="1" />
				<Option compiler="gcc" />
				<Option parameters="-r Engine\ Test/Game/Resources" />
				<Compiler>
					<Add option="-O2" />
				</Compiler>
				<Linker>
					<Add option="-s" />
				</Linker>
			</Target>
		</Build>
		<Compiler>
			<Add option="-std=c++11" />
			<Add option="-Wall" />
			<Add option="-fexceptions" />
			<Add option="-fPIC" />
			<Add directory="../../Engine Source/" />
		</Compiler>
		<Linker>
			<Add library="Rayne" />
			<Add library="X11" />
			<Add library="Xrandr" />
			<Add library="pthread" />
			<Add library="GL" />
			<Add directory="/home/tilman/projects/rayne/Vendor/bullet/" />
			<Add directory="../../Engine Test/Game/bin/Debug/" />
		</Linker>
		<Unit filename="RMMain.cpp" />
		<Extensions>
			<code_completion />
			<envvars />
			<debugger />
			<lib_finder disable_auto="1" />
		</Extensions>
	</Project>
</CodeBlocks_project_file>
