<?xml version="1.0" encoding="utf-8"?>
<Project ToolsVersion="4.0" xmlns="http://schemas.microsoft.com/developer/msbuild/2003">
  <ItemGroup>
    <Filter Include="Supporting files">
      <UniqueIdentifier>{4FC737F1-C7A5-4376-A066-2A32D752A2FF}</UniqueIdentifier>
      <Extensions>
      </Extensions>
    </Filter>
    <Filter Include="Classes">
      <UniqueIdentifier>{9e2b3961-10f1-446a-a4e1-83d2276dab05}</UniqueIdentifier>
    </Filter>
  </ItemGroup>
  <ItemGroup>
    <ClCompile Include="Test Game\Supporting files\main.cpp">
      <Filter>Supporting files</Filter>
    </ClCompile>
    <ClCompile Include="Test Game\Classes\TGApplication.cpp">
      <Filter>Classes</Filter>
    </ClCompile>
    <ClCompile Include="Test Game\Classes\TGCutScene.cpp">
      <Filter>Classes</Filter>
    </ClCompile>
    <ClCompile Include="Test Game\Classes\TGDebugDrawer.cpp">
      <Filter>Classes</Filter>
    </ClCompile>
    <ClCompile Include="Test Game\Classes\TGForestWorld.cpp">
      <Filter>Classes</Filter>
    </ClCompile>
    <ClCompile Include="Test Game\Classes\TGLoadingScreen.cpp">
      <Filter>Classes</Filter>
    </ClCompile>
    <ClCompile Include="Test Game\Classes\TGSponzaWorld.cpp">
      <Filter>Classes</Filter>
    </ClCompile>
    <ClCompile Include="Test Game\Classes\TGSun.cpp">
      <Filter>Classes</Filter>
    </ClCompile>
    <ClCompile Include="Test Game\Classes\TGWorld.cpp">
      <Filter>Classes</Filter>
    </ClCompile>
  </ItemGroup>
  <ItemGroup>
    <ClInclude Include="Test Game\Classes\TGApplication.h">
      <Filter>Classes</Filter>
    </ClInclude>
    <ClInclude Include="Test Game\Classes\TGCutScene.h">
      <Filter>Classes</Filter>
    </ClInclude>
    <ClInclude Include="Test Game\Classes\TGDebugDrawer.h">
      <Filter>Classes</Filter>
    </ClInclude>
    <ClInclude Include="Test Game\Classes\TGForestWorld.h">
      <Filter>Classes</Filter>
    </ClInclude>
    <ClInclude Include="Test Game\Classes\TGLoadingScreen.h">
      <Filter>Classes</Filter>
    </ClInclude>
    <ClInclude Include="Test Game\Classes\TGSponzaWorld.h">
      <Filter>Classes</Filter>
    </ClInclude>
    <ClInclude Include="Test Game\Classes\TGSun.h">
      <Filter>Classes</Filter>
    </ClInclude>
    <ClInclude Include="Test Game\Classes\TGWorld.h">
      <Filter>Classes</Filter>
    </ClInclude>
  </ItemGroup>
</Project>