// !$*UTF8*$!
{
	archiveVersion = 1;
	classes = {
	};
	objectVersion = 46;
	objects = {

/* Begin PBXBuildFile section */
		C01BCEC816E6698E0009834F /* RNSkeleton.cpp in Sources */ = {isa = PBXBuildFile; fileRef = C01BCEC616E6698E0009834F /* RNSkeleton.cpp */; };
		C01BCEC916E6698E0009834F /* RNSkeleton.h in Headers */ = {isa = PBXBuildFile; fileRef = C01BCEC716E6698E0009834F /* RNSkeleton.h */; settings = {ATTRIBUTES = (Public, ); }; };
		C050166916C3FDE600326514 /* RNLight.cpp in Sources */ = {isa = PBXBuildFile; fileRef = C050166716C3FDE600326514 /* RNLight.cpp */; };
		C050166A16C3FDE600326514 /* RNLight.h in Headers */ = {isa = PBXBuildFile; fileRef = C050166816C3FDE600326514 /* RNLight.h */; settings = {ATTRIBUTES = (Public, ); }; };
		C050167016C45BF100326514 /* RNPlane.h in Headers */ = {isa = PBXBuildFile; fileRef = C050166E16C45BF100326514 /* RNPlane.h */; settings = {ATTRIBUTES = (Public, ); }; };
		E9145CAC16BA9076004BDEC8 /* RNAutoreleasePool.cpp in Sources */ = {isa = PBXBuildFile; fileRef = E9145CAA16BA9076004BDEC8 /* RNAutoreleasePool.cpp */; };
		E9145CAD16BA9076004BDEC8 /* RNAutoreleasePool.h in Headers */ = {isa = PBXBuildFile; fileRef = E9145CAB16BA9076004BDEC8 /* RNAutoreleasePool.h */; settings = {ATTRIBUTES = (Public, ); }; };
		E9145CB316BAB82D004BDEC8 /* RNInput.cpp in Sources */ = {isa = PBXBuildFile; fileRef = E9145CB116BAB82D004BDEC8 /* RNInput.cpp */; };
		E9145CB416BAB82D004BDEC8 /* RNInput.h in Headers */ = {isa = PBXBuildFile; fileRef = E9145CB216BAB82D004BDEC8 /* RNInput.h */; settings = {ATTRIBUTES = (Public, ); }; };
		E917AC211744A00F00331D9B /* RNUIGeometry.h in Headers */ = {isa = PBXBuildFile; fileRef = E917AC2017449AAF00331D9B /* RNUIGeometry.h */; settings = {ATTRIBUTES = (Public, ); }; };
		E91F784216CE336000FFD318 /* RNThreadPool.cpp in Sources */ = {isa = PBXBuildFile; fileRef = E91F784016CE336000FFD318 /* RNThreadPool.cpp */; };
		E91F784316CE336000FFD318 /* RNThreadPool.h in Headers */ = {isa = PBXBuildFile; fileRef = E91F784116CE336000FFD318 /* RNThreadPool.h */; settings = {ATTRIBUTES = (Public, ); }; };
		E92A62BD16DF2267006E68AF /* RNOpenGLExtensions.h in Headers */ = {isa = PBXBuildFile; fileRef = E9AB7F0E16D42522006BB4CB /* RNOpenGLExtensions.h */; settings = {ATTRIBUTES = (Public, ); }; };
		E92A62BE16DF2278006E68AF /* RNSceneNode.h in Headers */ = {isa = PBXBuildFile; fileRef = E9580BD516AC8DAA0056DEF2 /* RNSceneNode.h */; settings = {ATTRIBUTES = (Public, ); }; };
		E92AE1AE16B4D68C00EFE1E8 /* RNApplication.cpp in Sources */ = {isa = PBXBuildFile; fileRef = E92AE1AC16B4D68C00EFE1E8 /* RNApplication.cpp */; };
		E92AE1AF16B4D68C00EFE1E8 /* RNApplication.h in Headers */ = {isa = PBXBuildFile; fileRef = E92AE1AD16B4D68C00EFE1E8 /* RNApplication.h */; settings = {ATTRIBUTES = (Public, ); }; };
		E92B858E16FC4C9E002FA04D /* RNFunction.h in Headers */ = {isa = PBXBuildFile; fileRef = E92B858D16FC4BD4002FA04D /* RNFunction.h */; settings = {ATTRIBUTES = (Public, ); }; };
		E92B859116FC6027002FA04D /* RNRenderStorage.cpp in Sources */ = {isa = PBXBuildFile; fileRef = E92B858F16FC6027002FA04D /* RNRenderStorage.cpp */; };
		E92B859216FC6027002FA04D /* RNRenderStorage.h in Headers */ = {isa = PBXBuildFile; fileRef = E92B859016FC6027002FA04D /* RNRenderStorage.h */; settings = {ATTRIBUTES = (Public, ); }; };
		E92B859516FC8E42002FA04D /* RNCatalogue.cpp in Sources */ = {isa = PBXBuildFile; fileRef = E92B859316FC8E42002FA04D /* RNCatalogue.cpp */; };
		E92B859616FC8E42002FA04D /* RNCatalogue.h in Headers */ = {isa = PBXBuildFile; fileRef = E92B859416FC8E42002FA04D /* RNCatalogue.h */; settings = {ATTRIBUTES = (Public, ); }; };
		E9319D3416BFE560001FA38F /* RNBaseInternal.h in Headers */ = {isa = PBXBuildFile; fileRef = E9319D3316BFE560001FA38F /* RNBaseInternal.h */; settings = {ATTRIBUTES = (); }; };
		E957BAB81714F61400AD7A54 /* RNSceneManager.cpp in Sources */ = {isa = PBXBuildFile; fileRef = E957BAB61714F61400AD7A54 /* RNSceneManager.cpp */; };
		E957BAB91714F61400AD7A54 /* RNSceneManager.h in Headers */ = {isa = PBXBuildFile; fileRef = E957BAB71714F61400AD7A54 /* RNSceneManager.h */; settings = {ATTRIBUTES = (Public, ); }; };
		E9580BD316AB8BEA0056DEF2 /* RNEntity.cpp in Sources */ = {isa = PBXBuildFile; fileRef = E9580BD116AB8BEA0056DEF2 /* RNEntity.cpp */; };
		E9580BD416AB8BEA0056DEF2 /* RNEntity.h in Headers */ = {isa = PBXBuildFile; fileRef = E9580BD216AB8BEA0056DEF2 /* RNEntity.h */; settings = {ATTRIBUTES = (Public, ); }; };
		E9586E5E172FD40C00D24737 /* RNUIServer.cpp in Sources */ = {isa = PBXBuildFile; fileRef = E9586E5C172FD40C00D24737 /* RNUIServer.cpp */; };
		E9586E5F172FD40C00D24737 /* RNUIServer.h in Headers */ = {isa = PBXBuildFile; fileRef = E9586E5D172FD40C00D24737 /* RNUIServer.h */; settings = {ATTRIBUTES = (Public, ); }; };
		E9586E62173072B700D24737 /* RNUIResponder.cpp in Sources */ = {isa = PBXBuildFile; fileRef = E9586E60173072B700D24737 /* RNUIResponder.cpp */; };
		E9586E63173072B700D24737 /* RNUIResponder.h in Headers */ = {isa = PBXBuildFile; fileRef = E9586E61173072B700D24737 /* RNUIResponder.h */; settings = {ATTRIBUTES = (Public, ); }; };
		E9586E671730855600D24737 /* RNUIImageView.cpp in Sources */ = {isa = PBXBuildFile; fileRef = E9586E651730855600D24737 /* RNUIImageView.cpp */; };
		E9586E681730855600D24737 /* RNUIImageView.h in Headers */ = {isa = PBXBuildFile; fileRef = E9586E661730855600D24737 /* RNUIImageView.h */; settings = {ATTRIBUTES = (Public, ); }; };
		E959282B170CBAAD00935AC8 /* RNWorldAttachment.cpp in Sources */ = {isa = PBXBuildFile; fileRef = E9592829170CBAAD00935AC8 /* RNWorldAttachment.cpp */; };
		E959282C170CBAAD00935AC8 /* RNWorldAttachment.h in Headers */ = {isa = PBXBuildFile; fileRef = E959282A170CBAAD00935AC8 /* RNWorldAttachment.h */; settings = {ATTRIBUTES = (Public, ); }; };
		E9619E281696157E00DA187E /* RNArray.h in Headers */ = {isa = PBXBuildFile; fileRef = E9619DF41696157E00DA187E /* RNArray.h */; settings = {ATTRIBUTES = (Public, ); }; };
		E9619E291696157E00DA187E /* RNBase.cpp in Sources */ = {isa = PBXBuildFile; fileRef = E9619DF51696157E00DA187E /* RNBase.cpp */; };
		E9619E2A1696157E00DA187E /* RNBase.h in Headers */ = {isa = PBXBuildFile; fileRef = E9619DF61696157E00DA187E /* RNBase.h */; settings = {ATTRIBUTES = (Public, ); }; };
		E9619E2B1696157E00DA187E /* RNCamera.cpp in Sources */ = {isa = PBXBuildFile; fileRef = E9619DF71696157E00DA187E /* RNCamera.cpp */; };
		E9619E2C1696157E00DA187E /* RNCamera.h in Headers */ = {isa = PBXBuildFile; fileRef = E9619DF81696157E00DA187E /* RNCamera.h */; settings = {ATTRIBUTES = (Public, ); }; };
		E9619E2D1696157E00DA187E /* RNColor.h in Headers */ = {isa = PBXBuildFile; fileRef = E9619DF91696157E00DA187E /* RNColor.h */; settings = {ATTRIBUTES = (Public, ); }; };
		E9619E2E1696157E00DA187E /* RNContext.cpp in Sources */ = {isa = PBXBuildFile; fileRef = E9619DFA1696157E00DA187E /* RNContext.cpp */; };
		E9619E2F1696157E00DA187E /* RNContext.h in Headers */ = {isa = PBXBuildFile; fileRef = E9619DFB1696157E00DA187E /* RNContext.h */; settings = {ATTRIBUTES = (Public, ); }; };
		E9619E301696157E00DA187E /* RNDefines.h in Headers */ = {isa = PBXBuildFile; fileRef = E9619DFC1696157E00DA187E /* RNDefines.h */; settings = {ATTRIBUTES = (Public, ); }; };
		E9619E311696157E00DA187E /* RNError.h in Headers */ = {isa = PBXBuildFile; fileRef = E9619DFD1696157E00DA187E /* RNError.h */; settings = {ATTRIBUTES = (Public, ); }; };
		E9619E321696157E00DA187E /* RNErrorGroupGraphics.h in Headers */ = {isa = PBXBuildFile; fileRef = E9619DFE1696157E00DA187E /* RNErrorGroupGraphics.h */; settings = {ATTRIBUTES = (Public, ); }; };
		E9619E331696157E00DA187E /* RNFile.cpp in Sources */ = {isa = PBXBuildFile; fileRef = E9619DFF1696157E00DA187E /* RNFile.cpp */; };
		E9619E341696157E00DA187E /* RNFile.h in Headers */ = {isa = PBXBuildFile; fileRef = E9619E001696157E00DA187E /* RNFile.h */; settings = {ATTRIBUTES = (Public, ); }; };
		E9619E351696157E00DA187E /* RNKernel.cpp in Sources */ = {isa = PBXBuildFile; fileRef = E9619E011696157E00DA187E /* RNKernel.cpp */; };
		E9619E361696157E00DA187E /* RNKernel.h in Headers */ = {isa = PBXBuildFile; fileRef = E9619E021696157E00DA187E /* RNKernel.h */; settings = {ATTRIBUTES = (Public, ); }; };
		E9619E391696157E00DA187E /* RNMaterial.cpp in Sources */ = {isa = PBXBuildFile; fileRef = E9619E051696157E00DA187E /* RNMaterial.cpp */; };
		E9619E3A1696157E00DA187E /* RNMaterial.h in Headers */ = {isa = PBXBuildFile; fileRef = E9619E061696157E00DA187E /* RNMaterial.h */; settings = {ATTRIBUTES = (Public, ); }; };
		E9619E3B1696157E00DA187E /* RNMatrix.h in Headers */ = {isa = PBXBuildFile; fileRef = E9619E071696157E00DA187E /* RNMatrix.h */; settings = {ATTRIBUTES = (Public, ); }; };
		E9619E3C1696157E00DA187E /* RNMatrixQuaternion.h in Headers */ = {isa = PBXBuildFile; fileRef = E9619E081696157E00DA187E /* RNMatrixQuaternion.h */; settings = {ATTRIBUTES = (Public, ); }; };
		E9619E3D1696157E00DA187E /* RNMesh.cpp in Sources */ = {isa = PBXBuildFile; fileRef = E9619E091696157E00DA187E /* RNMesh.cpp */; };
		E9619E3E1696157E00DA187E /* RNMesh.h in Headers */ = {isa = PBXBuildFile; fileRef = E9619E0A1696157E00DA187E /* RNMesh.h */; settings = {ATTRIBUTES = (Public, ); }; };
		E9619E3F1696157E00DA187E /* RNMutex.cpp in Sources */ = {isa = PBXBuildFile; fileRef = E9619E0B1696157E00DA187E /* RNMutex.cpp */; };
		E9619E401696157E00DA187E /* RNMutex.h in Headers */ = {isa = PBXBuildFile; fileRef = E9619E0C1696157E00DA187E /* RNMutex.h */; settings = {ATTRIBUTES = (Public, ); }; };
		E9619E411696157E00DA187E /* RNObject.cpp in Sources */ = {isa = PBXBuildFile; fileRef = E9619E0D1696157E00DA187E /* RNObject.cpp */; };
		E9619E421696157E00DA187E /* RNObject.h in Headers */ = {isa = PBXBuildFile; fileRef = E9619E0E1696157E00DA187E /* RNObject.h */; settings = {ATTRIBUTES = (Public, ); }; };
		E9619E451696157E00DA187E /* RNPlatform.h in Headers */ = {isa = PBXBuildFile; fileRef = E9619E111696157E00DA187E /* RNPlatform.h */; settings = {ATTRIBUTES = (Public, ); }; };
		E9619E471696157E00DA187E /* RNQuaternion.h in Headers */ = {isa = PBXBuildFile; fileRef = E9619E131696157E00DA187E /* RNQuaternion.h */; settings = {ATTRIBUTES = (Public, ); }; };
		E9619E481696157E00DA187E /* RNRect.h in Headers */ = {isa = PBXBuildFile; fileRef = E9619E141696157E00DA187E /* RNRect.h */; settings = {ATTRIBUTES = (Public, ); }; };
		E9619E4E1696157E00DA187E /* RNShader.cpp in Sources */ = {isa = PBXBuildFile; fileRef = E9619E1A1696157E00DA187E /* RNShader.cpp */; };
		E9619E4F1696157E00DA187E /* RNShader.h in Headers */ = {isa = PBXBuildFile; fileRef = E9619E1B1696157E00DA187E /* RNShader.h */; settings = {ATTRIBUTES = (Public, ); }; };
		E9619E501696157E00DA187E /* RNSpinLock.h in Headers */ = {isa = PBXBuildFile; fileRef = E9619E1C1696157E00DA187E /* RNSpinLock.h */; settings = {ATTRIBUTES = (Public, ); }; };
		E9619E511696157E00DA187E /* RNTexture.cpp in Sources */ = {isa = PBXBuildFile; fileRef = E9619E1D1696157E00DA187E /* RNTexture.cpp */; };
		E9619E521696157E00DA187E /* RNTexture.h in Headers */ = {isa = PBXBuildFile; fileRef = E9619E1E1696157E00DA187E /* RNTexture.h */; settings = {ATTRIBUTES = (Public, ); }; };
		E9619E531696157E00DA187E /* RNTextureLoader.cpp in Sources */ = {isa = PBXBuildFile; fileRef = E9619E1F1696157E00DA187E /* RNTextureLoader.cpp */; };
		E9619E541696157E00DA187E /* RNTextureLoader.h in Headers */ = {isa = PBXBuildFile; fileRef = E9619E201696157E00DA187E /* RNTextureLoader.h */; settings = {ATTRIBUTES = (Public, ); }; };
		E9619E551696157E00DA187E /* RNThread.cpp in Sources */ = {isa = PBXBuildFile; fileRef = E9619E211696157E00DA187E /* RNThread.cpp */; };
		E9619E561696157E00DA187E /* RNThread.h in Headers */ = {isa = PBXBuildFile; fileRef = E9619E221696157E00DA187E /* RNThread.h */; settings = {ATTRIBUTES = (Public, ); }; };
		E9619E571696157E00DA187E /* RNVector.h in Headers */ = {isa = PBXBuildFile; fileRef = E9619E231696157E00DA187E /* RNVector.h */; settings = {ATTRIBUTES = (Public, ); }; };
		E9619E581696157E00DA187E /* RNWindow.cpp in Sources */ = {isa = PBXBuildFile; fileRef = E9619E241696157E00DA187E /* RNWindow.cpp */; };
		E9619E591696157E00DA187E /* RNWindow.h in Headers */ = {isa = PBXBuildFile; fileRef = E9619E251696157E00DA187E /* RNWindow.h */; settings = {ATTRIBUTES = (Public, ); }; };
		E9619E5A1696157E00DA187E /* RNWorld.cpp in Sources */ = {isa = PBXBuildFile; fileRef = E9619E261696157E00DA187E /* RNWorld.cpp */; };
		E9619E5B1696157E00DA187E /* RNWorld.h in Headers */ = {isa = PBXBuildFile; fileRef = E9619E271696157E00DA187E /* RNWorld.h */; settings = {ATTRIBUTES = (Public, ); }; };
		E9619F841696FDE100DA187E /* libpng.a in Frameworks */ = {isa = PBXBuildFile; fileRef = E9619F7E1696FDC000DA187E /* libpng.a */; };
		E9780FC016D82913001AE2ED /* RNSettings.cpp in Sources */ = {isa = PBXBuildFile; fileRef = E9780FBE16D82913001AE2ED /* RNSettings.cpp */; };
		E9780FC116D82913001AE2ED /* RNSettings.h in Headers */ = {isa = PBXBuildFile; fileRef = E9780FBF16D82913001AE2ED /* RNSettings.h */; settings = {ATTRIBUTES = (Public, ); }; };
		E97C3EB0172B11C7006EA63A /* RNString.cpp in Sources */ = {isa = PBXBuildFile; fileRef = E97C3EAE172B11C7006EA63A /* RNString.cpp */; };
		E97C3EB1172B11C7006EA63A /* RNString.h in Headers */ = {isa = PBXBuildFile; fileRef = E97C3EAF172B11C7006EA63A /* RNString.h */; settings = {ATTRIBUTES = (Public, ); }; };
		E97DE03816F2574C0009128F /* Rayne.h in Headers */ = {isa = PBXBuildFile; fileRef = E92AE1E016B5286500EFE1E8 /* Rayne.h */; settings = {ATTRIBUTES = (Public, ); }; };
		E991F1BF16BB231000B205A1 /* IOKit.framework in Frameworks */ = {isa = PBXBuildFile; fileRef = E991F1BE16BB231000B205A1 /* IOKit.framework */; };
		E991F1C616BB707300B205A1 /* RNMessage.cpp in Sources */ = {isa = PBXBuildFile; fileRef = E991F1C416BB707300B205A1 /* RNMessage.cpp */; };
		E991F1C716BB707300B205A1 /* RNMessage.h in Headers */ = {isa = PBXBuildFile; fileRef = E991F1C516BB707300B205A1 /* RNMessage.h */; settings = {ATTRIBUTES = (Public, ); }; };
		E995E40F1694A0B300B2E0C3 /* libz.dylib in Frameworks */ = {isa = PBXBuildFile; fileRef = E995E40E1694A0B300B2E0C3 /* libz.dylib */; };
		E995F3CC1709B9F20051223B /* RNPathManager.cpp in Sources */ = {isa = PBXBuildFile; fileRef = E995F3CA1709B9F20051223B /* RNPathManager.cpp */; };
		E995F3CD1709B9F20051223B /* RNPathManager.h in Headers */ = {isa = PBXBuildFile; fileRef = E995F3CB1709B9F20051223B /* RNPathManager.h */; settings = {ATTRIBUTES = (Public, ); }; };
		E996A0B416F2CE97000EFB03 /* RNRenderer.cpp in Sources */ = {isa = PBXBuildFile; fileRef = E996A0B216F2CE97000EFB03 /* RNRenderer.cpp */; };
		E996A0B516F2CE97000EFB03 /* RNRenderer.h in Headers */ = {isa = PBXBuildFile; fileRef = E996A0B316F2CE97000EFB03 /* RNRenderer.h */; settings = {ATTRIBUTES = (Public, ); }; };
		E99A955D1729AE1800605C68 /* RNInstancingNode.cpp in Sources */ = {isa = PBXBuildFile; fileRef = E99A955B1729AE1800605C68 /* RNInstancingNode.cpp */; };
		E99A955E1729AE1800605C68 /* RNInstancingNode.h in Headers */ = {isa = PBXBuildFile; fileRef = E99A955C1729AE1800605C68 /* RNInstancingNode.h */; settings = {ATTRIBUTES = (Public, ); }; };
		E99A9561172A002100605C68 /* RNNumber.cpp in Sources */ = {isa = PBXBuildFile; fileRef = E99A955F172A002100605C68 /* RNNumber.cpp */; };
		E99A9562172A002100605C68 /* RNNumber.h in Headers */ = {isa = PBXBuildFile; fileRef = E99A9560172A002100605C68 /* RNNumber.h */; settings = {ATTRIBUTES = (Public, ); }; };
		E9AB0DAB16D679DC000D1CF0 /* RNSceneNode.cpp in Sources */ = {isa = PBXBuildFile; fileRef = E9AB0DAA16D679DC000D1CF0 /* RNSceneNode.cpp */; };
		E9B03FE716F2773A0016176B /* RNAsyncCacheable.cpp in Sources */ = {isa = PBXBuildFile; fileRef = E9B03FE316F2773A0016176B /* RNAsyncCacheable.cpp */; };
		E9B03FE816F2773A0016176B /* RNCache.cpp in Sources */ = {isa = PBXBuildFile; fileRef = E9B03FE416F2773A0016176B /* RNCache.cpp */; };
		E9B03FE916F2773A0016176B /* RNCache.h in Headers */ = {isa = PBXBuildFile; fileRef = E9B03FE516F2773A0016176B /* RNCache.h */; settings = {ATTRIBUTES = (Public, ); }; };
		E9B03FEA16F2773A0016176B /* RNCacheable.cpp in Sources */ = {isa = PBXBuildFile; fileRef = E9B03FE616F2773A0016176B /* RNCacheable.cpp */; };
		E9B03FEB16F277600016176B /* RNModule.cpp in Sources */ = {isa = PBXBuildFile; fileRef = E92A626816DEA8C1006E68AF /* RNModule.cpp */; };
		E9B03FEC16F279E40016176B /* RNModule.h in Headers */ = {isa = PBXBuildFile; fileRef = E92A626916DEA8C1006E68AF /* RNModule.h */; settings = {ATTRIBUTES = (Public, ); }; };
		E9B083B5171724A0009AD83F /* RNSphere.h in Headers */ = {isa = PBXBuildFile; fileRef = E9B083B417172486009AD83F /* RNSphere.h */; settings = {ATTRIBUTES = (Public, ); }; };
		E9B083B71717503E009AD83F /* RNMath.h in Headers */ = {isa = PBXBuildFile; fileRef = E9B083B61717503E009AD83F /* RNMath.h */; settings = {ATTRIBUTES = (Public, ); }; };
		E9B083B917175354009AD83F /* RNSIMD.h in Headers */ = {isa = PBXBuildFile; fileRef = E9B083B817175354009AD83F /* RNSIMD.h */; settings = {ATTRIBUTES = (Public, ); }; };
		E9B083BB171761FB009AD83F /* RNMath.cpp in Sources */ = {isa = PBXBuildFile; fileRef = E9B083BA171761FB009AD83F /* RNMath.cpp */; };
		E9B083F117188E29009AD83F /* RNCPU.cpp in Sources */ = {isa = PBXBuildFile; fileRef = E9B083EF17188E29009AD83F /* RNCPU.cpp */; };
		E9B083F217188E29009AD83F /* RNCPU.h in Headers */ = {isa = PBXBuildFile; fileRef = E9B083F017188E29009AD83F /* RNCPU.h */; settings = {ATTRIBUTES = (Public, ); }; };
		E9B083F51718A3DA009AD83F /* RNErrorGroupSystem.h in Headers */ = {isa = PBXBuildFile; fileRef = E9B083F41718A3DA009AD83F /* RNErrorGroupSystem.h */; settings = {ATTRIBUTES = (Public, ); }; };
		E9B083F81718B1D1009AD83F /* RNMemory.cpp in Sources */ = {isa = PBXBuildFile; fileRef = E9B083F61718B1D0009AD83F /* RNMemory.cpp */; };
		E9B083F91718B1D1009AD83F /* RNMemory.h in Headers */ = {isa = PBXBuildFile; fileRef = E9B083F71718B1D1009AD83F /* RNMemory.h */; settings = {ATTRIBUTES = (Public, ); }; };
		E9B1125D16797846001A0DA5 /* OpenGL.framework in Frameworks */ = {isa = PBXBuildFile; fileRef = E9B1125C16797846001A0DA5 /* OpenGL.framework */; };
		E9BEF3BB1743CF560090C9CB /* RNScopeGuard.h in Headers */ = {isa = PBXBuildFile; fileRef = E9BEF3B91743CF560090C9CB /* RNScopeGuard.h */; settings = {ATTRIBUTES = (Public, ); }; };
		E9BEF3C21744442A0090C9CB /* RNUIImage.cpp in Sources */ = {isa = PBXBuildFile; fileRef = E9BEF3C01744442A0090C9CB /* RNUIImage.cpp */; };
		E9BEF3C31744442A0090C9CB /* RNUIImage.h in Headers */ = {isa = PBXBuildFile; fileRef = E9BEF3C11744442A0090C9CB /* RNUIImage.h */; settings = {ATTRIBUTES = (Public, ); }; };
		E9C01BB41746CE6A00B3577B /* RNShaderLookup.h in Headers */ = {isa = PBXBuildFile; fileRef = E9C01BB31746CE6A00B3577B /* RNShaderLookup.h */; settings = {ATTRIBUTES = (Public, ); }; };
		E9C328F71745E4B200FAE32F /* RNConstants.h in Headers */ = {isa = PBXBuildFile; fileRef = E9C328F61745E4B100FAE32F /* RNConstants.h */; settings = {ATTRIBUTES = (Public, ); }; };
		E9C6F0A716B207E1006288D5 /* RNModel.cpp in Sources */ = {isa = PBXBuildFile; fileRef = E9C6F0A516B207E1006288D5 /* RNModel.cpp */; };
		E9C6F0A816B207E1006288D5 /* RNModel.h in Headers */ = {isa = PBXBuildFile; fileRef = E9C6F0A616B207E1006288D5 /* RNModel.h */; settings = {ATTRIBUTES = (Public, ); }; };
		E9C7DB271710D0F3006AD768 /* RNInterpolation.h in Headers */ = {isa = PBXBuildFile; fileRef = E9C7DB261710CE2C006AD768 /* RNInterpolation.h */; settings = {ATTRIBUTES = (Public, ); }; };
		E9D3CED5171F907500F4BF36 /* RNResourcePool.cpp in Sources */ = {isa = PBXBuildFile; fileRef = E9D3CED3171F907500F4BF36 /* RNResourcePool.cpp */; };
		E9D3CED6171F907500F4BF36 /* RNResourcePool.h in Headers */ = {isa = PBXBuildFile; fileRef = E9D3CED4171F907500F4BF36 /* RNResourcePool.h */; settings = {ATTRIBUTES = (Public, ); }; };
		E9D3CEE717203FA100F4BF36 /* RNBillboard.cpp in Sources */ = {isa = PBXBuildFile; fileRef = E9D3CEE517203FA100F4BF36 /* RNBillboard.cpp */; };
		E9D3CEE817203FA100F4BF36 /* RNBillboard.h in Headers */ = {isa = PBXBuildFile; fileRef = E9D3CEE617203FA100F4BF36 /* RNBillboard.h */; settings = {ATTRIBUTES = (Public, ); }; };
		E9D4BF7B16EEAF8F00513938 /* RNError.cpp in Sources */ = {isa = PBXBuildFile; fileRef = E9D4BF7A16EEAF8F00513938 /* RNError.cpp */; };
		E9D7DA78172F9C0D00A858CB /* RNUIWidget.cpp in Sources */ = {isa = PBXBuildFile; fileRef = E9D7DA76172F9C0D00A858CB /* RNUIWidget.cpp */; };
		E9D7DA79172F9C0D00A858CB /* RNUIWidget.h in Headers */ = {isa = PBXBuildFile; fileRef = E9D7DA77172F9C0D00A858CB /* RNUIWidget.h */; settings = {ATTRIBUTES = (Public, ); }; };
		E9D7DA7C172F9C7700A858CB /* RNUIView.cpp in Sources */ = {isa = PBXBuildFile; fileRef = E9D7DA7A172F9C7700A858CB /* RNUIView.cpp */; };
		E9D7DA7D172F9C7700A858CB /* RNUIView.h in Headers */ = {isa = PBXBuildFile; fileRef = E9D7DA7B172F9C7700A858CB /* RNUIView.h */; settings = {ATTRIBUTES = (Public, ); }; };
		E9D820A51717143B0080CD17 /* RNAABB.h in Headers */ = {isa = PBXBuildFile; fileRef = E9D820A41717143B0080CD17 /* RNAABB.h */; settings = {ATTRIBUTES = (Public, ); }; };
		E9E83F40172A4F7D0075559B /* RNUIFont.cpp in Sources */ = {isa = PBXBuildFile; fileRef = E9E83F3E172A4F7D0075559B /* RNUIFont.cpp */; };
		E9E83F41172A4F7D0075559B /* RNUIFont.h in Headers */ = {isa = PBXBuildFile; fileRef = E9E83F3F172A4F7D0075559B /* RNUIFont.h */; settings = {ATTRIBUTES = (Public, ); }; };
		E9E83F45172A4FD70075559B /* RNTextureAtlas.cpp in Sources */ = {isa = PBXBuildFile; fileRef = E9E83F43172A4FD70075559B /* RNTextureAtlas.cpp */; };
		E9E83F46172A4FD70075559B /* RNTextureAtlas.h in Headers */ = {isa = PBXBuildFile; fileRef = E9E83F44172A4FD70075559B /* RNTextureAtlas.h */; settings = {ATTRIBUTES = (Public, ); }; };
		E9E83F48172A51310075559B /* libfreetype.a in Frameworks */ = {isa = PBXBuildFile; fileRef = E9E83F47172A51310075559B /* libfreetype.a */; };
		E9E83F4A172A51440075559B /* libbz2.dylib in Frameworks */ = {isa = PBXBuildFile; fileRef = E9E83F49172A51440075559B /* libbz2.dylib */; };
		E9ECEEB916D7F0E700C6CF09 /* libjansson.a in Frameworks */ = {isa = PBXBuildFile; fileRef = E9ECEEB816D7F09800C6CF09 /* libjansson.a */; };
		E9F3A6F4171B8D3E0005A79E /* RNParticleEmitter.cpp in Sources */ = {isa = PBXBuildFile; fileRef = E9F3A6F2171B8D3E0005A79E /* RNParticleEmitter.cpp */; };
		E9F3A6F5171B8D3E0005A79E /* RNParticleEmitter.h in Headers */ = {isa = PBXBuildFile; fileRef = E9F3A6F3171B8D3E0005A79E /* RNParticleEmitter.h */; settings = {ATTRIBUTES = (Public, ); }; };
		E9F3A6F8171B8DA70005A79E /* RNParticle.cpp in Sources */ = {isa = PBXBuildFile; fileRef = E9F3A6F6171B8DA70005A79E /* RNParticle.cpp */; };
		E9F3A6F9171B8DA70005A79E /* RNParticle.h in Headers */ = {isa = PBXBuildFile; fileRef = E9F3A6F7171B8DA70005A79E /* RNParticle.h */; settings = {ATTRIBUTES = (Public, ); }; };
		E9F3A6FC171C489F0005A79E /* RNRandom.cpp in Sources */ = {isa = PBXBuildFile; fileRef = E9F3A6FA171C489F0005A79E /* RNRandom.cpp */; };
		E9F3A6FD171C489F0005A79E /* RNRandom.h in Headers */ = {isa = PBXBuildFile; fileRef = E9F3A6FB171C489F0005A79E /* RNRandom.h */; settings = {ATTRIBUTES = (Public, ); }; };
		E9F6B5AC167FE6CF00EBE826 /* Cocoa.framework in Frameworks */ = {isa = PBXBuildFile; fileRef = E9F6B5AB167FE6CF00EBE826 /* Cocoa.framework */; };
		E9F77798169C5CF8006EE702 /* RNOpenGL.cpp in Sources */ = {isa = PBXBuildFile; fileRef = E9F77796169C5CF8006EE702 /* RNOpenGL.cpp */; };
		E9F77799169C5CF8006EE702 /* RNOpenGL.h in Headers */ = {isa = PBXBuildFile; fileRef = E9F77797169C5CF8006EE702 /* RNOpenGL.h */; settings = {ATTRIBUTES = (Public, ); }; };
/* End PBXBuildFile section */

/* Begin PBXContainerItemProxy section */
		E9619F7D1696FDC000DA187E /* PBXContainerItemProxy */ = {
			isa = PBXContainerItemProxy;
			containerPortal = E9619F791696FDC000DA187E /* png-osx.xcodeproj */;
			proxyType = 2;
			remoteGlobalIDString = E995E39C169496FA00B2E0C3;
			remoteInfo = png;
		};
		E9619F821696FDD700DA187E /* PBXContainerItemProxy */ = {
			isa = PBXContainerItemProxy;
			containerPortal = E9619F791696FDC000DA187E /* png-osx.xcodeproj */;
			proxyType = 1;
			remoteGlobalIDString = E995E39B169496FA00B2E0C3;
			remoteInfo = png;
		};
		E9ECEEB716D7F09800C6CF09 /* PBXContainerItemProxy */ = {
			isa = PBXContainerItemProxy;
			containerPortal = E9ECEEB316D7F09800C6CF09 /* jansson-osx.xcodeproj */;
			proxyType = 2;
			remoteGlobalIDString = E9ECEE8B16D7EF9400C6CF09;
			remoteInfo = jansson;
		};
		E9ECEEBA16D7F0ED00C6CF09 /* PBXContainerItemProxy */ = {
			isa = PBXContainerItemProxy;
			containerPortal = E9ECEEB316D7F09800C6CF09 /* jansson-osx.xcodeproj */;
			proxyType = 1;
			remoteGlobalIDString = E9ECEE8A16D7EF9400C6CF09;
			remoteInfo = jansson;
		};
/* End PBXContainerItemProxy section */

/* Begin PBXFileReference section */
		C01BCEC616E6698E0009834F /* RNSkeleton.cpp */ = {isa = PBXFileReference; fileEncoding = 4; lastKnownFileType = sourcecode.cpp.cpp; path = RNSkeleton.cpp; sourceTree = "<group>"; };
		C01BCEC716E6698E0009834F /* RNSkeleton.h */ = {isa = PBXFileReference; fileEncoding = 4; lastKnownFileType = sourcecode.c.h; path = RNSkeleton.h; sourceTree = "<group>"; };
		C050166716C3FDE600326514 /* RNLight.cpp */ = {isa = PBXFileReference; fileEncoding = 4; lastKnownFileType = sourcecode.cpp.cpp; path = RNLight.cpp; sourceTree = "<group>"; };
		C050166816C3FDE600326514 /* RNLight.h */ = {isa = PBXFileReference; fileEncoding = 4; lastKnownFileType = sourcecode.c.h; path = RNLight.h; sourceTree = "<group>"; };
		C050166E16C45BF100326514 /* RNPlane.h */ = {isa = PBXFileReference; fileEncoding = 4; lastKnownFileType = sourcecode.c.h; path = RNPlane.h; sourceTree = "<group>"; };
		E9145CAA16BA9076004BDEC8 /* RNAutoreleasePool.cpp */ = {isa = PBXFileReference; fileEncoding = 4; lastKnownFileType = sourcecode.cpp.cpp; lineEnding = 0; path = RNAutoreleasePool.cpp; sourceTree = "<group>"; xcLanguageSpecificationIdentifier = xcode.lang.cpp; };
		E9145CAB16BA9076004BDEC8 /* RNAutoreleasePool.h */ = {isa = PBXFileReference; fileEncoding = 4; lastKnownFileType = sourcecode.c.h; path = RNAutoreleasePool.h; sourceTree = "<group>"; };
		E9145CB116BAB82D004BDEC8 /* RNInput.cpp */ = {isa = PBXFileReference; fileEncoding = 4; lastKnownFileType = sourcecode.cpp.cpp; path = RNInput.cpp; sourceTree = "<group>"; };
		E9145CB216BAB82D004BDEC8 /* RNInput.h */ = {isa = PBXFileReference; fileEncoding = 4; lastKnownFileType = sourcecode.c.h; path = RNInput.h; sourceTree = "<group>"; };
		E917AC2017449AAF00331D9B /* RNUIGeometry.h */ = {isa = PBXFileReference; lastKnownFileType = sourcecode.c.h; path = RNUIGeometry.h; sourceTree = "<group>"; };
		E91F784016CE336000FFD318 /* RNThreadPool.cpp */ = {isa = PBXFileReference; fileEncoding = 4; lastKnownFileType = sourcecode.cpp.cpp; path = RNThreadPool.cpp; sourceTree = "<group>"; };
		E91F784116CE336000FFD318 /* RNThreadPool.h */ = {isa = PBXFileReference; fileEncoding = 4; lastKnownFileType = sourcecode.c.h; path = RNThreadPool.h; sourceTree = "<group>"; };
		E92A626816DEA8C1006E68AF /* RNModule.cpp */ = {isa = PBXFileReference; fileEncoding = 4; lastKnownFileType = sourcecode.cpp.cpp; path = RNModule.cpp; sourceTree = "<group>"; };
		E92A626916DEA8C1006E68AF /* RNModule.h */ = {isa = PBXFileReference; fileEncoding = 4; lastKnownFileType = sourcecode.c.h; path = RNModule.h; sourceTree = "<group>"; };
		E92AE1AC16B4D68C00EFE1E8 /* RNApplication.cpp */ = {isa = PBXFileReference; fileEncoding = 4; lastKnownFileType = sourcecode.cpp.cpp; lineEnding = 0; path = RNApplication.cpp; sourceTree = "<group>"; xcLanguageSpecificationIdentifier = xcode.lang.cpp; };
		E92AE1AD16B4D68C00EFE1E8 /* RNApplication.h */ = {isa = PBXFileReference; fileEncoding = 4; lastKnownFileType = sourcecode.c.h; lineEnding = 0; path = RNApplication.h; sourceTree = "<group>"; xcLanguageSpecificationIdentifier = xcode.lang.objcpp; };
		E92AE1E016B5286500EFE1E8 /* Rayne.h */ = {isa = PBXFileReference; lastKnownFileType = sourcecode.c.h; lineEnding = 0; path = Rayne.h; sourceTree = "<group>"; xcLanguageSpecificationIdentifier = xcode.lang.objcpp; };
		E92B858D16FC4BD4002FA04D /* RNFunction.h */ = {isa = PBXFileReference; lastKnownFileType = sourcecode.c.h; path = RNFunction.h; sourceTree = "<group>"; };
		E92B858F16FC6027002FA04D /* RNRenderStorage.cpp */ = {isa = PBXFileReference; fileEncoding = 4; lastKnownFileType = sourcecode.cpp.cpp; path = RNRenderStorage.cpp; sourceTree = "<group>"; };
		E92B859016FC6027002FA04D /* RNRenderStorage.h */ = {isa = PBXFileReference; fileEncoding = 4; lastKnownFileType = sourcecode.c.h; path = RNRenderStorage.h; sourceTree = "<group>"; };
		E92B859316FC8E42002FA04D /* RNCatalogue.cpp */ = {isa = PBXFileReference; fileEncoding = 4; lastKnownFileType = sourcecode.cpp.cpp; path = RNCatalogue.cpp; sourceTree = "<group>"; };
		E92B859416FC8E42002FA04D /* RNCatalogue.h */ = {isa = PBXFileReference; fileEncoding = 4; lastKnownFileType = sourcecode.c.h; path = RNCatalogue.h; sourceTree = "<group>"; };
		E9319D3316BFE560001FA38F /* RNBaseInternal.h */ = {isa = PBXFileReference; fileEncoding = 4; lastKnownFileType = sourcecode.c.h; path = RNBaseInternal.h; sourceTree = "<group>"; };
		E9543FA1168167A100F53C4F /* AppKit.framework */ = {isa = PBXFileReference; lastKnownFileType = wrapper.framework; name = AppKit.framework; path = System/Library/Frameworks/AppKit.framework; sourceTree = SDKROOT; };
		E9543FA2168167A100F53C4F /* CoreData.framework */ = {isa = PBXFileReference; lastKnownFileType = wrapper.framework; name = CoreData.framework; path = System/Library/Frameworks/CoreData.framework; sourceTree = SDKROOT; };
		E9543FA3168167A100F53C4F /* Foundation.framework */ = {isa = PBXFileReference; lastKnownFileType = wrapper.framework; name = Foundation.framework; path = System/Library/Frameworks/Foundation.framework; sourceTree = SDKROOT; };
		E957BAB61714F61400AD7A54 /* RNSceneManager.cpp */ = {isa = PBXFileReference; fileEncoding = 4; lastKnownFileType = sourcecode.cpp.cpp; path = RNSceneManager.cpp; sourceTree = "<group>"; };
		E957BAB71714F61400AD7A54 /* RNSceneManager.h */ = {isa = PBXFileReference; fileEncoding = 4; lastKnownFileType = sourcecode.c.h; path = RNSceneManager.h; sourceTree = "<group>"; };
		E9580BD116AB8BEA0056DEF2 /* RNEntity.cpp */ = {isa = PBXFileReference; fileEncoding = 4; lastKnownFileType = sourcecode.cpp.cpp; lineEnding = 0; path = RNEntity.cpp; sourceTree = "<group>"; xcLanguageSpecificationIdentifier = xcode.lang.cpp; };
		E9580BD216AB8BEA0056DEF2 /* RNEntity.h */ = {isa = PBXFileReference; fileEncoding = 4; lastKnownFileType = sourcecode.c.h; path = RNEntity.h; sourceTree = "<group>"; };
		E9580BD516AC8DAA0056DEF2 /* RNSceneNode.h */ = {isa = PBXFileReference; lastKnownFileType = sourcecode.c.h; path = RNSceneNode.h; sourceTree = "<group>"; };
		E9586E5C172FD40C00D24737 /* RNUIServer.cpp */ = {isa = PBXFileReference; fileEncoding = 4; lastKnownFileType = sourcecode.cpp.cpp; path = RNUIServer.cpp; sourceTree = "<group>"; };
		E9586E5D172FD40C00D24737 /* RNUIServer.h */ = {isa = PBXFileReference; fileEncoding = 4; lastKnownFileType = sourcecode.c.h; path = RNUIServer.h; sourceTree = "<group>"; };
		E9586E60173072B700D24737 /* RNUIResponder.cpp */ = {isa = PBXFileReference; fileEncoding = 4; lastKnownFileType = sourcecode.cpp.cpp; path = RNUIResponder.cpp; sourceTree = "<group>"; };
		E9586E61173072B700D24737 /* RNUIResponder.h */ = {isa = PBXFileReference; fileEncoding = 4; lastKnownFileType = sourcecode.c.h; path = RNUIResponder.h; sourceTree = "<group>"; };
		E9586E651730855600D24737 /* RNUIImageView.cpp */ = {isa = PBXFileReference; fileEncoding = 4; lastKnownFileType = sourcecode.cpp.cpp; path = RNUIImageView.cpp; sourceTree = "<group>"; };
		E9586E661730855600D24737 /* RNUIImageView.h */ = {isa = PBXFileReference; fileEncoding = 4; lastKnownFileType = sourcecode.c.h; path = RNUIImageView.h; sourceTree = "<group>"; };
		E9592829170CBAAD00935AC8 /* RNWorldAttachment.cpp */ = {isa = PBXFileReference; fileEncoding = 4; lastKnownFileType = sourcecode.cpp.cpp; path = RNWorldAttachment.cpp; sourceTree = "<group>"; };
		E959282A170CBAAD00935AC8 /* RNWorldAttachment.h */ = {isa = PBXFileReference; fileEncoding = 4; lastKnownFileType = sourcecode.c.h; path = RNWorldAttachment.h; sourceTree = "<group>"; };
		E9619DF41696157E00DA187E /* RNArray.h */ = {isa = PBXFileReference; fileEncoding = 4; lastKnownFileType = sourcecode.c.h; lineEnding = 0; path = RNArray.h; sourceTree = "<group>"; xcLanguageSpecificationIdentifier = xcode.lang.objcpp; };
		E9619DF51696157E00DA187E /* RNBase.cpp */ = {isa = PBXFileReference; fileEncoding = 4; lastKnownFileType = sourcecode.cpp.cpp; lineEnding = 0; path = RNBase.cpp; sourceTree = "<group>"; xcLanguageSpecificationIdentifier = xcode.lang.cpp; };
		E9619DF61696157E00DA187E /* RNBase.h */ = {isa = PBXFileReference; fileEncoding = 4; lastKnownFileType = sourcecode.c.h; path = RNBase.h; sourceTree = "<group>"; };
		E9619DF71696157E00DA187E /* RNCamera.cpp */ = {isa = PBXFileReference; fileEncoding = 4; lastKnownFileType = sourcecode.cpp.cpp; path = RNCamera.cpp; sourceTree = "<group>"; };
		E9619DF81696157E00DA187E /* RNCamera.h */ = {isa = PBXFileReference; fileEncoding = 4; lastKnownFileType = sourcecode.c.h; path = RNCamera.h; sourceTree = "<group>"; };
		E9619DF91696157E00DA187E /* RNColor.h */ = {isa = PBXFileReference; fileEncoding = 4; lastKnownFileType = sourcecode.c.h; path = RNColor.h; sourceTree = "<group>"; };
		E9619DFA1696157E00DA187E /* RNContext.cpp */ = {isa = PBXFileReference; fileEncoding = 4; lastKnownFileType = sourcecode.cpp.cpp; path = RNContext.cpp; sourceTree = "<group>"; };
		E9619DFB1696157E00DA187E /* RNContext.h */ = {isa = PBXFileReference; fileEncoding = 4; lastKnownFileType = sourcecode.c.h; path = RNContext.h; sourceTree = "<group>"; };
		E9619DFC1696157E00DA187E /* RNDefines.h */ = {isa = PBXFileReference; fileEncoding = 4; lastKnownFileType = sourcecode.c.h; path = RNDefines.h; sourceTree = "<group>"; };
		E9619DFD1696157E00DA187E /* RNError.h */ = {isa = PBXFileReference; fileEncoding = 4; lastKnownFileType = sourcecode.c.h; path = RNError.h; sourceTree = "<group>"; };
		E9619DFE1696157E00DA187E /* RNErrorGroupGraphics.h */ = {isa = PBXFileReference; fileEncoding = 4; lastKnownFileType = sourcecode.c.h; path = RNErrorGroupGraphics.h; sourceTree = "<group>"; };
		E9619DFF1696157E00DA187E /* RNFile.cpp */ = {isa = PBXFileReference; fileEncoding = 4; lastKnownFileType = sourcecode.cpp.cpp; path = RNFile.cpp; sourceTree = "<group>"; };
		E9619E001696157E00DA187E /* RNFile.h */ = {isa = PBXFileReference; fileEncoding = 4; lastKnownFileType = sourcecode.c.h; path = RNFile.h; sourceTree = "<group>"; };
		E9619E011696157E00DA187E /* RNKernel.cpp */ = {isa = PBXFileReference; fileEncoding = 4; lastKnownFileType = sourcecode.cpp.cpp; lineEnding = 2; path = RNKernel.cpp; sourceTree = "<group>"; xcLanguageSpecificationIdentifier = xcode.lang.cpp; };
		E9619E021696157E00DA187E /* RNKernel.h */ = {isa = PBXFileReference; fileEncoding = 4; lastKnownFileType = sourcecode.c.h; path = RNKernel.h; sourceTree = "<group>"; };
		E9619E051696157E00DA187E /* RNMaterial.cpp */ = {isa = PBXFileReference; fileEncoding = 4; lastKnownFileType = sourcecode.cpp.cpp; lineEnding = 0; path = RNMaterial.cpp; sourceTree = "<group>"; xcLanguageSpecificationIdentifier = xcode.lang.cpp; };
		E9619E061696157E00DA187E /* RNMaterial.h */ = {isa = PBXFileReference; fileEncoding = 4; lastKnownFileType = sourcecode.c.h; path = RNMaterial.h; sourceTree = "<group>"; };
		E9619E071696157E00DA187E /* RNMatrix.h */ = {isa = PBXFileReference; fileEncoding = 4; lastKnownFileType = sourcecode.c.h; path = RNMatrix.h; sourceTree = "<group>"; };
		E9619E081696157E00DA187E /* RNMatrixQuaternion.h */ = {isa = PBXFileReference; fileEncoding = 4; lastKnownFileType = sourcecode.c.h; path = RNMatrixQuaternion.h; sourceTree = "<group>"; };
		E9619E091696157E00DA187E /* RNMesh.cpp */ = {isa = PBXFileReference; fileEncoding = 4; lastKnownFileType = sourcecode.cpp.cpp; path = RNMesh.cpp; sourceTree = "<group>"; };
		E9619E0A1696157E00DA187E /* RNMesh.h */ = {isa = PBXFileReference; fileEncoding = 4; lastKnownFileType = sourcecode.c.h; path = RNMesh.h; sourceTree = "<group>"; };
		E9619E0B1696157E00DA187E /* RNMutex.cpp */ = {isa = PBXFileReference; fileEncoding = 4; lastKnownFileType = sourcecode.cpp.cpp; path = RNMutex.cpp; sourceTree = "<group>"; };
		E9619E0C1696157E00DA187E /* RNMutex.h */ = {isa = PBXFileReference; fileEncoding = 4; lastKnownFileType = sourcecode.c.h; path = RNMutex.h; sourceTree = "<group>"; };
		E9619E0D1696157E00DA187E /* RNObject.cpp */ = {isa = PBXFileReference; fileEncoding = 4; lastKnownFileType = sourcecode.cpp.cpp; path = RNObject.cpp; sourceTree = "<group>"; };
		E9619E0E1696157E00DA187E /* RNObject.h */ = {isa = PBXFileReference; fileEncoding = 4; lastKnownFileType = sourcecode.c.h; path = RNObject.h; sourceTree = "<group>"; };
		E9619E111696157E00DA187E /* RNPlatform.h */ = {isa = PBXFileReference; fileEncoding = 4; lastKnownFileType = sourcecode.c.h; path = RNPlatform.h; sourceTree = "<group>"; };
		E9619E131696157E00DA187E /* RNQuaternion.h */ = {isa = PBXFileReference; fileEncoding = 4; lastKnownFileType = sourcecode.c.h; lineEnding = 0; path = RNQuaternion.h; sourceTree = "<group>"; xcLanguageSpecificationIdentifier = xcode.lang.objcpp; };
		E9619E141696157E00DA187E /* RNRect.h */ = {isa = PBXFileReference; fileEncoding = 4; lastKnownFileType = sourcecode.c.h; path = RNRect.h; sourceTree = "<group>"; };
		E9619E1A1696157E00DA187E /* RNShader.cpp */ = {isa = PBXFileReference; fileEncoding = 4; lastKnownFileType = sourcecode.cpp.cpp; path = RNShader.cpp; sourceTree = "<group>"; };
		E9619E1B1696157E00DA187E /* RNShader.h */ = {isa = PBXFileReference; fileEncoding = 4; lastKnownFileType = sourcecode.c.h; path = RNShader.h; sourceTree = "<group>"; };
		E9619E1C1696157E00DA187E /* RNSpinLock.h */ = {isa = PBXFileReference; fileEncoding = 4; lastKnownFileType = sourcecode.c.h; path = RNSpinLock.h; sourceTree = "<group>"; };
		E9619E1D1696157E00DA187E /* RNTexture.cpp */ = {isa = PBXFileReference; fileEncoding = 4; lastKnownFileType = sourcecode.cpp.cpp; path = RNTexture.cpp; sourceTree = "<group>"; };
		E9619E1E1696157E00DA187E /* RNTexture.h */ = {isa = PBXFileReference; fileEncoding = 4; lastKnownFileType = sourcecode.c.h; path = RNTexture.h; sourceTree = "<group>"; };
		E9619E1F1696157E00DA187E /* RNTextureLoader.cpp */ = {isa = PBXFileReference; fileEncoding = 4; lastKnownFileType = sourcecode.cpp.cpp; path = RNTextureLoader.cpp; sourceTree = "<group>"; };
		E9619E201696157E00DA187E /* RNTextureLoader.h */ = {isa = PBXFileReference; fileEncoding = 4; lastKnownFileType = sourcecode.c.h; path = RNTextureLoader.h; sourceTree = "<group>"; };
		E9619E211696157E00DA187E /* RNThread.cpp */ = {isa = PBXFileReference; fileEncoding = 4; lastKnownFileType = sourcecode.cpp.cpp; path = RNThread.cpp; sourceTree = "<group>"; };
		E9619E221696157E00DA187E /* RNThread.h */ = {isa = PBXFileReference; fileEncoding = 4; lastKnownFileType = sourcecode.c.h; path = RNThread.h; sourceTree = "<group>"; };
		E9619E231696157E00DA187E /* RNVector.h */ = {isa = PBXFileReference; fileEncoding = 4; lastKnownFileType = sourcecode.c.h; lineEnding = 0; path = RNVector.h; sourceTree = "<group>"; xcLanguageSpecificationIdentifier = xcode.lang.objcpp; };
		E9619E241696157E00DA187E /* RNWindow.cpp */ = {isa = PBXFileReference; fileEncoding = 4; lastKnownFileType = sourcecode.cpp.cpp; path = RNWindow.cpp; sourceTree = "<group>"; };
		E9619E251696157E00DA187E /* RNWindow.h */ = {isa = PBXFileReference; fileEncoding = 4; lastKnownFileType = sourcecode.c.h; path = RNWindow.h; sourceTree = "<group>"; };
		E9619E261696157E00DA187E /* RNWorld.cpp */ = {isa = PBXFileReference; fileEncoding = 4; lastKnownFileType = sourcecode.cpp.cpp; path = RNWorld.cpp; sourceTree = "<group>"; };
		E9619E271696157E00DA187E /* RNWorld.h */ = {isa = PBXFileReference; fileEncoding = 4; lastKnownFileType = sourcecode.c.h; path = RNWorld.h; sourceTree = "<group>"; };
		E9619F791696FDC000DA187E /* png-osx.xcodeproj */ = {isa = PBXFileReference; lastKnownFileType = "wrapper.pb-project"; name = "png-osx.xcodeproj"; path = "../../Vendor/libpng/png-osx.xcodeproj"; sourceTree = "<group>"; };
		E9780FBE16D82913001AE2ED /* RNSettings.cpp */ = {isa = PBXFileReference; fileEncoding = 4; lastKnownFileType = sourcecode.cpp.cpp; path = RNSettings.cpp; sourceTree = "<group>"; };
		E9780FBF16D82913001AE2ED /* RNSettings.h */ = {isa = PBXFileReference; fileEncoding = 4; lastKnownFileType = sourcecode.c.h; path = RNSettings.h; sourceTree = "<group>"; };
		E97C3EAE172B11C7006EA63A /* RNString.cpp */ = {isa = PBXFileReference; fileEncoding = 4; lastKnownFileType = sourcecode.cpp.cpp; path = RNString.cpp; sourceTree = "<group>"; };
		E97C3EAF172B11C7006EA63A /* RNString.h */ = {isa = PBXFileReference; fileEncoding = 4; lastKnownFileType = sourcecode.c.h; path = RNString.h; sourceTree = "<group>"; };
		E98D1E581673A6E200889F3B /* libRayne.dylib */ = {isa = PBXFileReference; explicitFileType = "compiled.mach-o.dylib"; includeInIndex = 0; path = libRayne.dylib; sourceTree = BUILT_PRODUCTS_DIR; };
		E991F1BE16BB231000B205A1 /* IOKit.framework */ = {isa = PBXFileReference; lastKnownFileType = wrapper.framework; name = IOKit.framework; path = System/Library/Frameworks/IOKit.framework; sourceTree = SDKROOT; };
		E991F1C416BB707300B205A1 /* RNMessage.cpp */ = {isa = PBXFileReference; fileEncoding = 4; lastKnownFileType = sourcecode.cpp.cpp; path = RNMessage.cpp; sourceTree = "<group>"; };
		E991F1C516BB707300B205A1 /* RNMessage.h */ = {isa = PBXFileReference; fileEncoding = 4; lastKnownFileType = sourcecode.c.h; path = RNMessage.h; sourceTree = "<group>"; };
		E995E40E1694A0B300B2E0C3 /* libz.dylib */ = {isa = PBXFileReference; lastKnownFileType = "compiled.mach-o.dylib"; name = libz.dylib; path = usr/lib/libz.dylib; sourceTree = SDKROOT; };
		E995F3CA1709B9F20051223B /* RNPathManager.cpp */ = {isa = PBXFileReference; fileEncoding = 4; lastKnownFileType = sourcecode.cpp.cpp; path = RNPathManager.cpp; sourceTree = "<group>"; };
		E995F3CB1709B9F20051223B /* RNPathManager.h */ = {isa = PBXFileReference; fileEncoding = 4; lastKnownFileType = sourcecode.c.h; path = RNPathManager.h; sourceTree = "<group>"; };
		E996A0B216F2CE97000EFB03 /* RNRenderer.cpp */ = {isa = PBXFileReference; fileEncoding = 4; lastKnownFileType = sourcecode.cpp.cpp; path = RNRenderer.cpp; sourceTree = "<group>"; };
		E996A0B316F2CE97000EFB03 /* RNRenderer.h */ = {isa = PBXFileReference; fileEncoding = 4; lastKnownFileType = sourcecode.c.h; path = RNRenderer.h; sourceTree = "<group>"; };
		E996A0B616F30B05000EFB03 /* RNSynchronization.h */ = {isa = PBXFileReference; lastKnownFileType = sourcecode.c.h; path = RNSynchronization.h; sourceTree = "<group>"; };
		E99A955B1729AE1800605C68 /* RNInstancingNode.cpp */ = {isa = PBXFileReference; fileEncoding = 4; lastKnownFileType = sourcecode.cpp.cpp; path = RNInstancingNode.cpp; sourceTree = "<group>"; };
		E99A955C1729AE1800605C68 /* RNInstancingNode.h */ = {isa = PBXFileReference; fileEncoding = 4; lastKnownFileType = sourcecode.c.h; path = RNInstancingNode.h; sourceTree = "<group>"; };
		E99A955F172A002100605C68 /* RNNumber.cpp */ = {isa = PBXFileReference; fileEncoding = 4; lastKnownFileType = sourcecode.cpp.cpp; path = RNNumber.cpp; sourceTree = "<group>"; };
		E99A9560172A002100605C68 /* RNNumber.h */ = {isa = PBXFileReference; fileEncoding = 4; lastKnownFileType = sourcecode.c.h; path = RNNumber.h; sourceTree = "<group>"; };
		E9AB0DAA16D679DC000D1CF0 /* RNSceneNode.cpp */ = {isa = PBXFileReference; fileEncoding = 4; lastKnownFileType = sourcecode.cpp.cpp; path = RNSceneNode.cpp; sourceTree = "<group>"; };
		E9AB7F0E16D42522006BB4CB /* RNOpenGLExtensions.h */ = {isa = PBXFileReference; lastKnownFileType = sourcecode.c.h; path = RNOpenGLExtensions.h; sourceTree = "<group>"; };
		E9B03FE316F2773A0016176B /* RNAsyncCacheable.cpp */ = {isa = PBXFileReference; fileEncoding = 4; lastKnownFileType = sourcecode.cpp.cpp; path = RNAsyncCacheable.cpp; sourceTree = "<group>"; };
		E9B03FE416F2773A0016176B /* RNCache.cpp */ = {isa = PBXFileReference; fileEncoding = 4; lastKnownFileType = sourcecode.cpp.cpp; path = RNCache.cpp; sourceTree = "<group>"; };
		E9B03FE516F2773A0016176B /* RNCache.h */ = {isa = PBXFileReference; fileEncoding = 4; lastKnownFileType = sourcecode.c.h; path = RNCache.h; sourceTree = "<group>"; };
		E9B03FE616F2773A0016176B /* RNCacheable.cpp */ = {isa = PBXFileReference; fileEncoding = 4; lastKnownFileType = sourcecode.cpp.cpp; path = RNCacheable.cpp; sourceTree = "<group>"; };
		E9B083B417172486009AD83F /* RNSphere.h */ = {isa = PBXFileReference; lastKnownFileType = sourcecode.c.h; path = RNSphere.h; sourceTree = "<group>"; };
		E9B083B61717503E009AD83F /* RNMath.h */ = {isa = PBXFileReference; fileEncoding = 4; lastKnownFileType = sourcecode.c.h; lineEnding = 0; path = RNMath.h; sourceTree = "<group>"; xcLanguageSpecificationIdentifier = xcode.lang.objcpp; };
		E9B083B817175354009AD83F /* RNSIMD.h */ = {isa = PBXFileReference; fileEncoding = 4; lastKnownFileType = sourcecode.c.h; path = RNSIMD.h; sourceTree = "<group>"; };
		E9B083BA171761FB009AD83F /* RNMath.cpp */ = {isa = PBXFileReference; fileEncoding = 4; lastKnownFileType = sourcecode.cpp.cpp; path = RNMath.cpp; sourceTree = "<group>"; };
		E9B083EF17188E29009AD83F /* RNCPU.cpp */ = {isa = PBXFileReference; fileEncoding = 4; lastKnownFileType = sourcecode.cpp.cpp; path = RNCPU.cpp; sourceTree = "<group>"; };
		E9B083F017188E29009AD83F /* RNCPU.h */ = {isa = PBXFileReference; fileEncoding = 4; lastKnownFileType = sourcecode.c.h; path = RNCPU.h; sourceTree = "<group>"; };
		E9B083F41718A3DA009AD83F /* RNErrorGroupSystem.h */ = {isa = PBXFileReference; fileEncoding = 4; lastKnownFileType = sourcecode.c.h; path = RNErrorGroupSystem.h; sourceTree = "<group>"; };
		E9B083F61718B1D0009AD83F /* RNMemory.cpp */ = {isa = PBXFileReference; fileEncoding = 4; lastKnownFileType = sourcecode.cpp.cpp; path = RNMemory.cpp; sourceTree = "<group>"; };
		E9B083F71718B1D1009AD83F /* RNMemory.h */ = {isa = PBXFileReference; fileEncoding = 4; lastKnownFileType = sourcecode.c.h; path = RNMemory.h; sourceTree = "<group>"; };
		E9B1125C16797846001A0DA5 /* OpenGL.framework */ = {isa = PBXFileReference; lastKnownFileType = wrapper.framework; name = OpenGL.framework; path = System/Library/Frameworks/OpenGL.framework; sourceTree = SDKROOT; };
		E9BEF3B91743CF560090C9CB /* RNScopeGuard.h */ = {isa = PBXFileReference; fileEncoding = 4; lastKnownFileType = sourcecode.c.h; path = RNScopeGuard.h; sourceTree = "<group>"; };
		E9BEF3C01744442A0090C9CB /* RNUIImage.cpp */ = {isa = PBXFileReference; fileEncoding = 4; lastKnownFileType = sourcecode.cpp.cpp; path = RNUIImage.cpp; sourceTree = "<group>"; };
		E9BEF3C11744442A0090C9CB /* RNUIImage.h */ = {isa = PBXFileReference; fileEncoding = 4; lastKnownFileType = sourcecode.c.h; path = RNUIImage.h; sourceTree = "<group>"; };
		E9C01BB31746CE6A00B3577B /* RNShaderLookup.h */ = {isa = PBXFileReference; fileEncoding = 4; lastKnownFileType = sourcecode.c.h; path = RNShaderLookup.h; sourceTree = "<group>"; };
		E9C328F61745E4B100FAE32F /* RNConstants.h */ = {isa = PBXFileReference; fileEncoding = 4; lastKnownFileType = sourcecode.c.h; path = RNConstants.h; sourceTree = "<group>"; };
		E9C6F0A516B207E1006288D5 /* RNModel.cpp */ = {isa = PBXFileReference; fileEncoding = 4; lastKnownFileType = sourcecode.cpp.cpp; lineEnding = 0; path = RNModel.cpp; sourceTree = "<group>"; xcLanguageSpecificationIdentifier = xcode.lang.cpp; };
		E9C6F0A616B207E1006288D5 /* RNModel.h */ = {isa = PBXFileReference; fileEncoding = 4; lastKnownFileType = sourcecode.c.h; path = RNModel.h; sourceTree = "<group>"; };
		E9C7DB261710CE2C006AD768 /* RNInterpolation.h */ = {isa = PBXFileReference; lastKnownFileType = sourcecode.c.h; lineEnding = 0; path = RNInterpolation.h; sourceTree = "<group>"; xcLanguageSpecificationIdentifier = xcode.lang.objcpp; };
		E9D3CED3171F907500F4BF36 /* RNResourcePool.cpp */ = {isa = PBXFileReference; fileEncoding = 4; lastKnownFileType = sourcecode.cpp.cpp; path = RNResourcePool.cpp; sourceTree = "<group>"; };
		E9D3CED4171F907500F4BF36 /* RNResourcePool.h */ = {isa = PBXFileReference; fileEncoding = 4; lastKnownFileType = sourcecode.c.h; path = RNResourcePool.h; sourceTree = "<group>"; };
		E9D3CEE517203FA100F4BF36 /* RNBillboard.cpp */ = {isa = PBXFileReference; fileEncoding = 4; lastKnownFileType = sourcecode.cpp.cpp; path = RNBillboard.cpp; sourceTree = "<group>"; };
		E9D3CEE617203FA100F4BF36 /* RNBillboard.h */ = {isa = PBXFileReference; fileEncoding = 4; lastKnownFileType = sourcecode.c.h; path = RNBillboard.h; sourceTree = "<group>"; };
		E9D4BF7A16EEAF8F00513938 /* RNError.cpp */ = {isa = PBXFileReference; fileEncoding = 4; lastKnownFileType = sourcecode.cpp.cpp; path = RNError.cpp; sourceTree = "<group>"; };
		E9D7DA76172F9C0D00A858CB /* RNUIWidget.cpp */ = {isa = PBXFileReference; fileEncoding = 4; lastKnownFileType = sourcecode.cpp.cpp; path = RNUIWidget.cpp; sourceTree = "<group>"; };
		E9D7DA77172F9C0D00A858CB /* RNUIWidget.h */ = {isa = PBXFileReference; fileEncoding = 4; lastKnownFileType = sourcecode.c.h; path = RNUIWidget.h; sourceTree = "<group>"; };
		E9D7DA7A172F9C7700A858CB /* RNUIView.cpp */ = {isa = PBXFileReference; fileEncoding = 4; lastKnownFileType = sourcecode.cpp.cpp; path = RNUIView.cpp; sourceTree = "<group>"; };
		E9D7DA7B172F9C7700A858CB /* RNUIView.h */ = {isa = PBXFileReference; fileEncoding = 4; lastKnownFileType = sourcecode.c.h; path = RNUIView.h; sourceTree = "<group>"; };
		E9D820A41717143B0080CD17 /* RNAABB.h */ = {isa = PBXFileReference; fileEncoding = 4; lastKnownFileType = sourcecode.c.h; path = RNAABB.h; sourceTree = "<group>"; };
		E9E83F3E172A4F7D0075559B /* RNUIFont.cpp */ = {isa = PBXFileReference; fileEncoding = 4; lastKnownFileType = sourcecode.cpp.cpp; path = RNUIFont.cpp; sourceTree = "<group>"; };
		E9E83F3F172A4F7D0075559B /* RNUIFont.h */ = {isa = PBXFileReference; fileEncoding = 4; lastKnownFileType = sourcecode.c.h; path = RNUIFont.h; sourceTree = "<group>"; };
		E9E83F43172A4FD70075559B /* RNTextureAtlas.cpp */ = {isa = PBXFileReference; fileEncoding = 4; lastKnownFileType = sourcecode.cpp.cpp; path = RNTextureAtlas.cpp; sourceTree = "<group>"; };
		E9E83F44172A4FD70075559B /* RNTextureAtlas.h */ = {isa = PBXFileReference; fileEncoding = 4; lastKnownFileType = sourcecode.c.h; path = RNTextureAtlas.h; sourceTree = "<group>"; };
		E9E83F47172A51310075559B /* libfreetype.a */ = {isa = PBXFileReference; lastKnownFileType = archive.ar; name = libfreetype.a; path = "../../Vendor/freetype-2.4.11/lib/osx/libfreetype.a"; sourceTree = "<group>"; };
		E9E83F49172A51440075559B /* libbz2.dylib */ = {isa = PBXFileReference; lastKnownFileType = "compiled.mach-o.dylib"; name = libbz2.dylib; path = usr/lib/libbz2.dylib; sourceTree = SDKROOT; };
		E9ECEEB316D7F09800C6CF09 /* jansson-osx.xcodeproj */ = {isa = PBXFileReference; lastKnownFileType = "wrapper.pb-project"; name = "jansson-osx.xcodeproj"; path = "../../Vendor/libjansson/jansson-osx.xcodeproj"; sourceTree = "<group>"; };
		E9F3A6F2171B8D3E0005A79E /* RNParticleEmitter.cpp */ = {isa = PBXFileReference; fileEncoding = 4; lastKnownFileType = sourcecode.cpp.cpp; path = RNParticleEmitter.cpp; sourceTree = "<group>"; };
		E9F3A6F3171B8D3E0005A79E /* RNParticleEmitter.h */ = {isa = PBXFileReference; fileEncoding = 4; lastKnownFileType = sourcecode.c.h; path = RNParticleEmitter.h; sourceTree = "<group>"; };
		E9F3A6F6171B8DA70005A79E /* RNParticle.cpp */ = {isa = PBXFileReference; fileEncoding = 4; lastKnownFileType = sourcecode.cpp.cpp; path = RNParticle.cpp; sourceTree = "<group>"; };
		E9F3A6F7171B8DA70005A79E /* RNParticle.h */ = {isa = PBXFileReference; fileEncoding = 4; lastKnownFileType = sourcecode.c.h; path = RNParticle.h; sourceTree = "<group>"; };
		E9F3A6FA171C489F0005A79E /* RNRandom.cpp */ = {isa = PBXFileReference; fileEncoding = 4; lastKnownFileType = sourcecode.cpp.cpp; path = RNRandom.cpp; sourceTree = "<group>"; };
		E9F3A6FB171C489F0005A79E /* RNRandom.h */ = {isa = PBXFileReference; fileEncoding = 4; lastKnownFileType = sourcecode.c.h; path = RNRandom.h; sourceTree = "<group>"; };
		E9F6B5AB167FE6CF00EBE826 /* Cocoa.framework */ = {isa = PBXFileReference; lastKnownFileType = wrapper.framework; name = Cocoa.framework; path = System/Library/Frameworks/Cocoa.framework; sourceTree = SDKROOT; };
		E9F77796169C5CF8006EE702 /* RNOpenGL.cpp */ = {isa = PBXFileReference; fileEncoding = 4; lastKnownFileType = sourcecode.cpp.cpp; path = RNOpenGL.cpp; sourceTree = "<group>"; };
		E9F77797169C5CF8006EE702 /* RNOpenGL.h */ = {isa = PBXFileReference; fileEncoding = 4; lastKnownFileType = sourcecode.c.h; path = RNOpenGL.h; sourceTree = "<group>"; };
/* End PBXFileReference section */

/* Begin PBXFrameworksBuildPhase section */
		E98D1E551673A6E200889F3B /* Frameworks */ = {
			isa = PBXFrameworksBuildPhase;
			buildActionMask = 2147483647;
			files = (
				E9E83F4A172A51440075559B /* libbz2.dylib in Frameworks */,
				E9F6B5AC167FE6CF00EBE826 /* Cocoa.framework in Frameworks */,
				E991F1BF16BB231000B205A1 /* IOKit.framework in Frameworks */,
				E9B1125D16797846001A0DA5 /* OpenGL.framework in Frameworks */,
				E995E40F1694A0B300B2E0C3 /* libz.dylib in Frameworks */,
				E9ECEEB916D7F0E700C6CF09 /* libjansson.a in Frameworks */,
				E9619F841696FDE100DA187E /* libpng.a in Frameworks */,
				E9E83F48172A51310075559B /* libfreetype.a in Frameworks */,
			);
			runOnlyForDeploymentPostprocessing = 0;
		};
/* End PBXFrameworksBuildPhase section */

/* Begin PBXGroup section */
		E9619DF31696157E00DA187E /* Engine Source */ = {
			isa = PBXGroup;
			children = (
				E9C6F0A416B207BF006288D5 /* Assets */,
				E9F80709169704CC00773A34 /* Base */,
				E9F8070A169704DC00773A34 /* Container */,
				E9F8070B169704F700773A34 /* Math */,
				E9BA20A4170AF3DF000CADF2 /* Modules */,
				E9B083F31718A2E0009AD83F /* Objects */,
				E9F8070C1697050D00773A34 /* Rendering */,
				E9F8070D1697051C00773A34 /* Scene */,
				E9F8070E1697052500773A34 /* System */,
				E9E83F42172A4FB60075559B /* UI */,
				E92AE1E016B5286500EFE1E8 /* Rayne.h */,
			);
			name = "Engine Source";
			path = "../../Engine Source";
			sourceTree = "<group>";
		};
		E9619F7A1696FDC000DA187E /* Products */ = {
			isa = PBXGroup;
			children = (
				E9619F7E1696FDC000DA187E /* libpng.a */,
			);
			name = Products;
			sourceTree = "<group>";
		};
		E98D1E4F1673A6E200889F3B = {
			isa = PBXGroup;
			children = (
				E9619DF31696157E00DA187E /* Engine Source */,
				E995E408169497DB00B2E0C3 /* Vendor */,
				E9B1125E1679784D001A0DA5 /* Frameworks */,
				E98D1E591673A6E200889F3B /* Products */,
			);
			sourceTree = "<group>";
			usesTabs = 1;
		};
		E98D1E591673A6E200889F3B /* Products */ = {
			isa = PBXGroup;
			children = (
				E98D1E581673A6E200889F3B /* libRayne.dylib */,
			);
			name = Products;
			sourceTree = "<group>";
		};
		E995E408169497DB00B2E0C3 /* Vendor */ = {
			isa = PBXGroup;
			children = (
				E9ECEEB316D7F09800C6CF09 /* jansson-osx.xcodeproj */,
				E9619F791696FDC000DA187E /* png-osx.xcodeproj */,
			);
			name = Vendor;
			sourceTree = "<group>";
		};
		E9B083F31718A2E0009AD83F /* Objects */ = {
			isa = PBXGroup;
			children = (
				E9145CAA16BA9076004BDEC8 /* RNAutoreleasePool.cpp */,
				E9145CAB16BA9076004BDEC8 /* RNAutoreleasePool.h */,
				E92B859316FC8E42002FA04D /* RNCatalogue.cpp */,
				E92B859416FC8E42002FA04D /* RNCatalogue.h */,
				E9619E0D1696157E00DA187E /* RNObject.cpp */,
				E9619E0E1696157E00DA187E /* RNObject.h */,
			);
			name = Objects;
			sourceTree = "<group>";
		};
		E9B1125E1679784D001A0DA5 /* Frameworks */ = {
			isa = PBXGroup;
			children = (
				E9543FA1168167A100F53C4F /* AppKit.framework */,
				E9F6B5AB167FE6CF00EBE826 /* Cocoa.framework */,
				E9543FA2168167A100F53C4F /* CoreData.framework */,
				E9543FA3168167A100F53C4F /* Foundation.framework */,
				E991F1BE16BB231000B205A1 /* IOKit.framework */,
				E9B1125C16797846001A0DA5 /* OpenGL.framework */,
				E9E83F47172A51310075559B /* libfreetype.a */,
				E9E83F49172A51440075559B /* libbz2.dylib */,
				E995E40E1694A0B300B2E0C3 /* libz.dylib */,
			);
			name = Frameworks;
			sourceTree = "<group>";
		};
		E9BA20A4170AF3DF000CADF2 /* Modules */ = {
			isa = PBXGroup;
			children = (
				E92A626816DEA8C1006E68AF /* RNModule.cpp */,
				E92A626916DEA8C1006E68AF /* RNModule.h */,
			);
			name = Modules;
			sourceTree = "<group>";
		};
		E9C6F0A416B207BF006288D5 /* Assets */ = {
			isa = PBXGroup;
			children = (
				E9B03FE316F2773A0016176B /* RNAsyncCacheable.cpp */,
				E9B03FE416F2773A0016176B /* RNCache.cpp */,
				E9B03FE516F2773A0016176B /* RNCache.h */,
				E9B03FE616F2773A0016176B /* RNCacheable.cpp */,
				E9C6F0A516B207E1006288D5 /* RNModel.cpp */,
				E9C6F0A616B207E1006288D5 /* RNModel.h */,
				E9D3CED3171F907500F4BF36 /* RNResourcePool.cpp */,
				E9D3CED4171F907500F4BF36 /* RNResourcePool.h */,
				C01BCEC616E6698E0009834F /* RNSkeleton.cpp */,
				C01BCEC716E6698E0009834F /* RNSkeleton.h */,
				E9619E1F1696157E00DA187E /* RNTextureLoader.cpp */,
				E9619E201696157E00DA187E /* RNTextureLoader.h */,
			);
			name = Assets;
			sourceTree = "<group>";
		};
		E9E83F42172A4FB60075559B /* UI */ = {
			isa = PBXGroup;
			children = (
				E9E83F3E172A4F7D0075559B /* RNUIFont.cpp */,
				E9E83F3F172A4F7D0075559B /* RNUIFont.h */,
				E917AC2017449AAF00331D9B /* RNUIGeometry.h */,
				E9BEF3C01744442A0090C9CB /* RNUIImage.cpp */,
				E9BEF3C11744442A0090C9CB /* RNUIImage.h */,
				E9586E651730855600D24737 /* RNUIImageView.cpp */,
				E9586E661730855600D24737 /* RNUIImageView.h */,
				E9586E60173072B700D24737 /* RNUIResponder.cpp */,
				E9586E61173072B700D24737 /* RNUIResponder.h */,
				E9586E5C172FD40C00D24737 /* RNUIServer.cpp */,
				E9586E5D172FD40C00D24737 /* RNUIServer.h */,
				E9D7DA7A172F9C7700A858CB /* RNUIView.cpp */,
				E9D7DA7B172F9C7700A858CB /* RNUIView.h */,
				E9D7DA76172F9C0D00A858CB /* RNUIWidget.cpp */,
				E9D7DA77172F9C0D00A858CB /* RNUIWidget.h */,
			);
			name = UI;
			sourceTree = "<group>";
		};
		E9ECEEB416D7F09800C6CF09 /* Products */ = {
			isa = PBXGroup;
			children = (
				E9ECEEB816D7F09800C6CF09 /* libjansson.a */,
			);
			name = Products;
			sourceTree = "<group>";
		};
		E9F80709169704CC00773A34 /* Base */ = {
			isa = PBXGroup;
			children = (
				E92AE1AC16B4D68C00EFE1E8 /* RNApplication.cpp */,
				E92AE1AD16B4D68C00EFE1E8 /* RNApplication.h */,
				E9619DF51696157E00DA187E /* RNBase.cpp */,
				E9619DF61696157E00DA187E /* RNBase.h */,
				E9319D3316BFE560001FA38F /* RNBaseInternal.h */,
				E9C328F61745E4B100FAE32F /* RNConstants.h */,
				E9619DFC1696157E00DA187E /* RNDefines.h */,
				E9D4BF7A16EEAF8F00513938 /* RNError.cpp */,
				E9619DFD1696157E00DA187E /* RNError.h */,
				E9619DFE1696157E00DA187E /* RNErrorGroupGraphics.h */,
				E9B083F41718A3DA009AD83F /* RNErrorGroupSystem.h */,
				E92B858D16FC4BD4002FA04D /* RNFunction.h */,
				E9619E011696157E00DA187E /* RNKernel.cpp */,
				E9619E021696157E00DA187E /* RNKernel.h */,
				E9B083F61718B1D0009AD83F /* RNMemory.cpp */,
				E9B083F71718B1D1009AD83F /* RNMemory.h */,
				E9619E111696157E00DA187E /* RNPlatform.h */,
				E9780FBE16D82913001AE2ED /* RNSettings.cpp */,
				E9780FBF16D82913001AE2ED /* RNSettings.h */,
				E9B083B817175354009AD83F /* RNSIMD.h */,
			);
			name = Base;
			sourceTree = "<group>";
		};
		E9F8070A169704DC00773A34 /* Container */ = {
			isa = PBXGroup;
			children = (
				E9619DF41696157E00DA187E /* RNArray.h */,
				E99A955F172A002100605C68 /* RNNumber.cpp */,
				E99A9560172A002100605C68 /* RNNumber.h */,
				E97C3EAE172B11C7006EA63A /* RNString.cpp */,
				E97C3EAF172B11C7006EA63A /* RNString.h */,
			);
			name = Container;
			sourceTree = "<group>";
		};
		E9F8070B169704F700773A34 /* Math */ = {
			isa = PBXGroup;
			children = (
				E9D820A41717143B0080CD17 /* RNAABB.h */,
				E9619DF91696157E00DA187E /* RNColor.h */,
				E9C7DB261710CE2C006AD768 /* RNInterpolation.h */,
				E9B083BA171761FB009AD83F /* RNMath.cpp */,
				E9B083B61717503E009AD83F /* RNMath.h */,
				E9619E071696157E00DA187E /* RNMatrix.h */,
				E9619E081696157E00DA187E /* RNMatrixQuaternion.h */,
				C050166E16C45BF100326514 /* RNPlane.h */,
				E9619E131696157E00DA187E /* RNQuaternion.h */,
				E9F3A6FA171C489F0005A79E /* RNRandom.cpp */,
				E9F3A6FB171C489F0005A79E /* RNRandom.h */,
				E9619E141696157E00DA187E /* RNRect.h */,
				E9B083B417172486009AD83F /* RNSphere.h */,
				E9619E231696157E00DA187E /* RNVector.h */,
			);
			name = Math;
			sourceTree = "<group>";
		};
		E9F8070C1697050D00773A34 /* Rendering */ = {
			isa = PBXGroup;
			children = (
				E9619DFA1696157E00DA187E /* RNContext.cpp */,
				E9619DFB1696157E00DA187E /* RNContext.h */,
				E9619E051696157E00DA187E /* RNMaterial.cpp */,
				E9619E061696157E00DA187E /* RNMaterial.h */,
				E9619E091696157E00DA187E /* RNMesh.cpp */,
				E9619E0A1696157E00DA187E /* RNMesh.h */,
				E996A0B216F2CE97000EFB03 /* RNRenderer.cpp */,
				E996A0B316F2CE97000EFB03 /* RNRenderer.h */,
				E92B858F16FC6027002FA04D /* RNRenderStorage.cpp */,
				E92B859016FC6027002FA04D /* RNRenderStorage.h */,
				E9619E1A1696157E00DA187E /* RNShader.cpp */,
				E9619E1B1696157E00DA187E /* RNShader.h */,
				E9C01BB31746CE6A00B3577B /* RNShaderLookup.h */,
				E9619E1D1696157E00DA187E /* RNTexture.cpp */,
				E9619E1E1696157E00DA187E /* RNTexture.h */,
				E9E83F43172A4FD70075559B /* RNTextureAtlas.cpp */,
				E9E83F44172A4FD70075559B /* RNTextureAtlas.h */,
			);
			name = Rendering;
			sourceTree = "<group>";
		};
		E9F8070D1697051C00773A34 /* Scene */ = {
			isa = PBXGroup;
			children = (
				E9D3CEE517203FA100F4BF36 /* RNBillboard.cpp */,
				E9D3CEE617203FA100F4BF36 /* RNBillboard.h */,
				E9AB0DAA16D679DC000D1CF0 /* RNSceneNode.cpp */,
				E9580BD516AC8DAA0056DEF2 /* RNSceneNode.h */,
				E9619DF71696157E00DA187E /* RNCamera.cpp */,
				E9619DF81696157E00DA187E /* RNCamera.h */,
				E9580BD116AB8BEA0056DEF2 /* RNEntity.cpp */,
				E9580BD216AB8BEA0056DEF2 /* RNEntity.h */,
				C050166716C3FDE600326514 /* RNLight.cpp */,
				C050166816C3FDE600326514 /* RNLight.h */,
				E9F3A6F6171B8DA70005A79E /* RNParticle.cpp */,
				E9F3A6F7171B8DA70005A79E /* RNParticle.h */,
				E9F3A6F2171B8D3E0005A79E /* RNParticleEmitter.cpp */,
				E9F3A6F3171B8D3E0005A79E /* RNParticleEmitter.h */,
				E957BAB61714F61400AD7A54 /* RNSceneManager.cpp */,
				E957BAB71714F61400AD7A54 /* RNSceneManager.h */,
				E99A955B1729AE1800605C68 /* RNInstancingNode.cpp */,
				E99A955C1729AE1800605C68 /* RNInstancingNode.h */,
				E9619E261696157E00DA187E /* RNWorld.cpp */,
				E9619E271696157E00DA187E /* RNWorld.h */,
				E9592829170CBAAD00935AC8 /* RNWorldAttachment.cpp */,
				E959282A170CBAAD00935AC8 /* RNWorldAttachment.h */,
			);
			name = Scene;
			sourceTree = "<group>";
		};
		E9F8070E1697052500773A34 /* System */ = {
			isa = PBXGroup;
			children = (
				E9B083EF17188E29009AD83F /* RNCPU.cpp */,
				E9B083F017188E29009AD83F /* RNCPU.h */,
				E9619DFF1696157E00DA187E /* RNFile.cpp */,
				E9619E001696157E00DA187E /* RNFile.h */,
				E9145CB116BAB82D004BDEC8 /* RNInput.cpp */,
				E9145CB216BAB82D004BDEC8 /* RNInput.h */,
				E991F1C416BB707300B205A1 /* RNMessage.cpp */,
				E991F1C516BB707300B205A1 /* RNMessage.h */,
				E9619E0B1696157E00DA187E /* RNMutex.cpp */,
				E9619E0C1696157E00DA187E /* RNMutex.h */,
				E9F77796169C5CF8006EE702 /* RNOpenGL.cpp */,
				E9F77797169C5CF8006EE702 /* RNOpenGL.h */,
				E9AB7F0E16D42522006BB4CB /* RNOpenGLExtensions.h */,
				E995F3CA1709B9F20051223B /* RNPathManager.cpp */,
				E995F3CB1709B9F20051223B /* RNPathManager.h */,
				E9BEF3B91743CF560090C9CB /* RNScopeGuard.h */,
				E9619E1C1696157E00DA187E /* RNSpinLock.h */,
				E996A0B616F30B05000EFB03 /* RNSynchronization.h */,
				E9619E211696157E00DA187E /* RNThread.cpp */,
				E9619E221696157E00DA187E /* RNThread.h */,
				E91F784016CE336000FFD318 /* RNThreadPool.cpp */,
				E91F784116CE336000FFD318 /* RNThreadPool.h */,
				E9619E241696157E00DA187E /* RNWindow.cpp */,
				E9619E251696157E00DA187E /* RNWindow.h */,
			);
			name = System;
			sourceTree = "<group>";
		};
/* End PBXGroup section */

/* Begin PBXHeadersBuildPhase section */
		E98D1E561673A6E200889F3B /* Headers */ = {
			isa = PBXHeadersBuildPhase;
			buildActionMask = 2147483647;
			files = (
				E9619E281696157E00DA187E /* RNArray.h in Headers */,
				E9619E2A1696157E00DA187E /* RNBase.h in Headers */,
				E9619E2C1696157E00DA187E /* RNCamera.h in Headers */,
				E9619E2D1696157E00DA187E /* RNColor.h in Headers */,
				E9619E2F1696157E00DA187E /* RNContext.h in Headers */,
				E9619E301696157E00DA187E /* RNDefines.h in Headers */,
				E9619E311696157E00DA187E /* RNError.h in Headers */,
				E9619E341696157E00DA187E /* RNFile.h in Headers */,
				E9619E361696157E00DA187E /* RNKernel.h in Headers */,
				E9619E3A1696157E00DA187E /* RNMaterial.h in Headers */,
				E9619E3B1696157E00DA187E /* RNMatrix.h in Headers */,
				E9619E3C1696157E00DA187E /* RNMatrixQuaternion.h in Headers */,
				E9619E3E1696157E00DA187E /* RNMesh.h in Headers */,
				E9619E401696157E00DA187E /* RNMutex.h in Headers */,
				E9619E421696157E00DA187E /* RNObject.h in Headers */,
				E9619E451696157E00DA187E /* RNPlatform.h in Headers */,
				E9619E471696157E00DA187E /* RNQuaternion.h in Headers */,
				E9619E481696157E00DA187E /* RNRect.h in Headers */,
				E9619E4F1696157E00DA187E /* RNShader.h in Headers */,
				E9619E501696157E00DA187E /* RNSpinLock.h in Headers */,
				E9619E521696157E00DA187E /* RNTexture.h in Headers */,
				E9619E541696157E00DA187E /* RNTextureLoader.h in Headers */,
				E9619E561696157E00DA187E /* RNThread.h in Headers */,
				E9619E571696157E00DA187E /* RNVector.h in Headers */,
				E9619E591696157E00DA187E /* RNWindow.h in Headers */,
				E9619E5B1696157E00DA187E /* RNWorld.h in Headers */,
				E9F77799169C5CF8006EE702 /* RNOpenGL.h in Headers */,
				E9619E321696157E00DA187E /* RNErrorGroupGraphics.h in Headers */,
				E9580BD416AB8BEA0056DEF2 /* RNEntity.h in Headers */,
				E9C6F0A816B207E1006288D5 /* RNModel.h in Headers */,
				E9145CAD16BA9076004BDEC8 /* RNAutoreleasePool.h in Headers */,
				E9145CB416BAB82D004BDEC8 /* RNInput.h in Headers */,
				E991F1C716BB707300B205A1 /* RNMessage.h in Headers */,
				E9319D3416BFE560001FA38F /* RNBaseInternal.h in Headers */,
				C050166A16C3FDE600326514 /* RNLight.h in Headers */,
				C050167016C45BF100326514 /* RNPlane.h in Headers */,
				E9780FC116D82913001AE2ED /* RNSettings.h in Headers */,
				E92AE1AF16B4D68C00EFE1E8 /* RNApplication.h in Headers */,
				C01BCEC916E6698E0009834F /* RNSkeleton.h in Headers */,
				E92A62BD16DF2267006E68AF /* RNOpenGLExtensions.h in Headers */,
				E996A0B516F2CE97000EFB03 /* RNRenderer.h in Headers */,
				E92A62BE16DF2278006E68AF /* RNSceneNode.h in Headers */,
				E91F784316CE336000FFD318 /* RNThreadPool.h in Headers */,
				E97DE03816F2574C0009128F /* Rayne.h in Headers */,
				E9B03FE916F2773A0016176B /* RNCache.h in Headers */,
				E9B03FEC16F279E40016176B /* RNModule.h in Headers */,
				E92B858E16FC4C9E002FA04D /* RNFunction.h in Headers */,
				E92B859216FC6027002FA04D /* RNRenderStorage.h in Headers */,
				E959282C170CBAAD00935AC8 /* RNWorldAttachment.h in Headers */,
				E92B859616FC8E42002FA04D /* RNCatalogue.h in Headers */,
				E995F3CD1709B9F20051223B /* RNPathManager.h in Headers */,
				E9C7DB271710D0F3006AD768 /* RNInterpolation.h in Headers */,
				E957BAB91714F61400AD7A54 /* RNSceneManager.h in Headers */,
				E9D820A51717143B0080CD17 /* RNAABB.h in Headers */,
				E9B083B5171724A0009AD83F /* RNSphere.h in Headers */,
				E9B083B71717503E009AD83F /* RNMath.h in Headers */,
				E9B083B917175354009AD83F /* RNSIMD.h in Headers */,
				E9B083F217188E29009AD83F /* RNCPU.h in Headers */,
				E9B083F51718A3DA009AD83F /* RNErrorGroupSystem.h in Headers */,
				E9B083F91718B1D1009AD83F /* RNMemory.h in Headers */,
				E9F3A6F5171B8D3E0005A79E /* RNParticleEmitter.h in Headers */,
				E9F3A6F9171B8DA70005A79E /* RNParticle.h in Headers */,
				E9F3A6FD171C489F0005A79E /* RNRandom.h in Headers */,
				E9D3CED6171F907500F4BF36 /* RNResourcePool.h in Headers */,
				E9D3CEE817203FA100F4BF36 /* RNBillboard.h in Headers */,
				E99A955E1729AE1800605C68 /* RNInstancingNode.h in Headers */,
				E99A9562172A002100605C68 /* RNNumber.h in Headers */,
				E9E83F41172A4F7D0075559B /* RNUIFont.h in Headers */,
				E9E83F46172A4FD70075559B /* RNTextureAtlas.h in Headers */,
				E97C3EB1172B11C7006EA63A /* RNString.h in Headers */,
				E9D7DA79172F9C0D00A858CB /* RNUIWidget.h in Headers */,
				E9D7DA7D172F9C7700A858CB /* RNUIView.h in Headers */,
				E9586E5F172FD40C00D24737 /* RNUIServer.h in Headers */,
				E9586E63173072B700D24737 /* RNUIResponder.h in Headers */,
				E9586E681730855600D24737 /* RNUIImageView.h in Headers */,
				E9BEF3BB1743CF560090C9CB /* RNScopeGuard.h in Headers */,
				E9BEF3C31744442A0090C9CB /* RNUIImage.h in Headers */,
				E917AC211744A00F00331D9B /* RNUIGeometry.h in Headers */,
				E9C328F71745E4B200FAE32F /* RNConstants.h in Headers */,
				E9C01BB41746CE6A00B3577B /* RNShaderLookup.h in Headers */,
			);
			runOnlyForDeploymentPostprocessing = 0;
		};
/* End PBXHeadersBuildPhase section */

/* Begin PBXNativeTarget section */
		E98D1E571673A6E200889F3B /* Rayne */ = {
			isa = PBXNativeTarget;
			buildConfigurationList = E98D1E5C1673A6E200889F3B /* Build configuration list for PBXNativeTarget "Rayne" */;
			buildPhases = (
				E98D1E541673A6E200889F3B /* Sources */,
				E98D1E551673A6E200889F3B /* Frameworks */,
				E98D1E561673A6E200889F3B /* Headers */,
				E92A628A16DEEFEA006E68AF /* ShellScript */,
			);
			buildRules = (
			);
			dependencies = (
				E9ECEEBB16D7F0ED00C6CF09 /* PBXTargetDependency */,
				E9619F831696FDD700DA187E /* PBXTargetDependency */,
			);
			name = Rayne;
			productName = Rayne;
			productReference = E98D1E581673A6E200889F3B /* libRayne.dylib */;
			productType = "com.apple.product-type.library.dynamic";
		};
/* End PBXNativeTarget section */

/* Begin PBXProject section */
		E98D1E501673A6E200889F3B /* Project object */ = {
			isa = PBXProject;
			attributes = {
				LastUpgradeCheck = 0460;
				ORGANIZATIONNAME = "Sidney Just";
			};
			buildConfigurationList = E98D1E531673A6E200889F3B /* Build configuration list for PBXProject "Rayne" */;
			compatibilityVersion = "Xcode 3.2";
			developmentRegion = English;
			hasScannedForEncodings = 0;
			knownRegions = (
				en,
			);
			mainGroup = E98D1E4F1673A6E200889F3B;
			productRefGroup = E98D1E591673A6E200889F3B /* Products */;
			projectDirPath = "";
			projectReferences = (
				{
					ProductGroup = E9ECEEB416D7F09800C6CF09 /* Products */;
					ProjectRef = E9ECEEB316D7F09800C6CF09 /* jansson-osx.xcodeproj */;
				},
				{
					ProductGroup = E9619F7A1696FDC000DA187E /* Products */;
					ProjectRef = E9619F791696FDC000DA187E /* png-osx.xcodeproj */;
				},
			);
			projectRoot = "";
			targets = (
				E98D1E571673A6E200889F3B /* Rayne */,
			);
		};
/* End PBXProject section */

/* Begin PBXReferenceProxy section */
		E9619F7E1696FDC000DA187E /* libpng.a */ = {
			isa = PBXReferenceProxy;
			fileType = archive.ar;
			path = libpng.a;
			remoteRef = E9619F7D1696FDC000DA187E /* PBXContainerItemProxy */;
			sourceTree = BUILT_PRODUCTS_DIR;
		};
		E9ECEEB816D7F09800C6CF09 /* libjansson.a */ = {
			isa = PBXReferenceProxy;
			fileType = archive.ar;
			path = libjansson.a;
			remoteRef = E9ECEEB716D7F09800C6CF09 /* PBXContainerItemProxy */;
			sourceTree = BUILT_PRODUCTS_DIR;
		};
/* End PBXReferenceProxy section */

/* Begin PBXShellScriptBuildPhase section */
		E92A628A16DEEFEA006E68AF /* ShellScript */ = {
			isa = PBXShellScriptBuildPhase;
			buildActionMask = 2147483647;
			files = (
			);
			inputPaths = (
			);
			outputPaths = (
			);
			runOnlyForDeploymentPostprocessing = 0;
			shellPath = /bin/sh;
			shellScript = "BUILD_DIR=\"$PROJECT_DIR/../../Build\"\nINCLUDE_DIR=\"$BUILT_PRODUCTS_DIR/usr/local/include\"\n\nmkdir -p \"$BUILD_DIR\"\nmkdir -p \"$BUILD_DIR/include\"\n\ncp \"$BUILT_PRODUCTS_DIR/$EXECUTABLE_NAME\" \"$BUILD_DIR/$EXECUTABLE_NAME\"\nrsync -avz \"$INCLUDE_DIR\" \"$BUILD_DIR\"\n\n\"$PROJECT_DIR/../../Engine Modules/Build_modules.sh\"";
		};
/* End PBXShellScriptBuildPhase section */

/* Begin PBXSourcesBuildPhase section */
		E98D1E541673A6E200889F3B /* Sources */ = {
			isa = PBXSourcesBuildPhase;
			buildActionMask = 2147483647;
			files = (
				E9619E291696157E00DA187E /* RNBase.cpp in Sources */,
				E9619E2B1696157E00DA187E /* RNCamera.cpp in Sources */,
				E9619E2E1696157E00DA187E /* RNContext.cpp in Sources */,
				E9619E331696157E00DA187E /* RNFile.cpp in Sources */,
				E9619E351696157E00DA187E /* RNKernel.cpp in Sources */,
				E9619E391696157E00DA187E /* RNMaterial.cpp in Sources */,
				E9619E3D1696157E00DA187E /* RNMesh.cpp in Sources */,
				E9619E3F1696157E00DA187E /* RNMutex.cpp in Sources */,
				E9619E411696157E00DA187E /* RNObject.cpp in Sources */,
				E9619E4E1696157E00DA187E /* RNShader.cpp in Sources */,
				E9619E511696157E00DA187E /* RNTexture.cpp in Sources */,
				E9619E531696157E00DA187E /* RNTextureLoader.cpp in Sources */,
				E9619E551696157E00DA187E /* RNThread.cpp in Sources */,
				E9619E581696157E00DA187E /* RNWindow.cpp in Sources */,
				E9619E5A1696157E00DA187E /* RNWorld.cpp in Sources */,
				E9F77798169C5CF8006EE702 /* RNOpenGL.cpp in Sources */,
				E9580BD316AB8BEA0056DEF2 /* RNEntity.cpp in Sources */,
				E9C6F0A716B207E1006288D5 /* RNModel.cpp in Sources */,
				E92AE1AE16B4D68C00EFE1E8 /* RNApplication.cpp in Sources */,
				E9145CAC16BA9076004BDEC8 /* RNAutoreleasePool.cpp in Sources */,
				E9145CB316BAB82D004BDEC8 /* RNInput.cpp in Sources */,
				E991F1C616BB707300B205A1 /* RNMessage.cpp in Sources */,
				C050166916C3FDE600326514 /* RNLight.cpp in Sources */,
				E91F784216CE336000FFD318 /* RNThreadPool.cpp in Sources */,
				E9AB0DAB16D679DC000D1CF0 /* RNSceneNode.cpp in Sources */,
				E9780FC016D82913001AE2ED /* RNSettings.cpp in Sources */,
				C01BCEC816E6698E0009834F /* RNSkeleton.cpp in Sources */,
				E9D4BF7B16EEAF8F00513938 /* RNError.cpp in Sources */,
				E9B03FE716F2773A0016176B /* RNAsyncCacheable.cpp in Sources */,
				E9B03FE816F2773A0016176B /* RNCache.cpp in Sources */,
				E9B03FEA16F2773A0016176B /* RNCacheable.cpp in Sources */,
				E9B03FEB16F277600016176B /* RNModule.cpp in Sources */,
				E996A0B416F2CE97000EFB03 /* RNRenderer.cpp in Sources */,
				E92B859116FC6027002FA04D /* RNRenderStorage.cpp in Sources */,
				E92B859516FC8E42002FA04D /* RNCatalogue.cpp in Sources */,
				E995F3CC1709B9F20051223B /* RNPathManager.cpp in Sources */,
				E959282B170CBAAD00935AC8 /* RNWorldAttachment.cpp in Sources */,
				E957BAB81714F61400AD7A54 /* RNSceneManager.cpp in Sources */,
				E9B083BB171761FB009AD83F /* RNMath.cpp in Sources */,
				E9B083F117188E29009AD83F /* RNCPU.cpp in Sources */,
				E9B083F81718B1D1009AD83F /* RNMemory.cpp in Sources */,
				E9F3A6F4171B8D3E0005A79E /* RNParticleEmitter.cpp in Sources */,
				E9F3A6F8171B8DA70005A79E /* RNParticle.cpp in Sources */,
				E9F3A6FC171C489F0005A79E /* RNRandom.cpp in Sources */,
				E9D3CED5171F907500F4BF36 /* RNResourcePool.cpp in Sources */,
				E9D3CEE717203FA100F4BF36 /* RNBillboard.cpp in Sources */,
				E99A955D1729AE1800605C68 /* RNInstancingNode.cpp in Sources */,
				E99A9561172A002100605C68 /* RNNumber.cpp in Sources */,
				E9E83F40172A4F7D0075559B /* RNUIFont.cpp in Sources */,
				E9E83F45172A4FD70075559B /* RNTextureAtlas.cpp in Sources */,
				E97C3EB0172B11C7006EA63A /* RNString.cpp in Sources */,
				E9D7DA78172F9C0D00A858CB /* RNUIWidget.cpp in Sources */,
				E9D7DA7C172F9C7700A858CB /* RNUIView.cpp in Sources */,
				E9586E5E172FD40C00D24737 /* RNUIServer.cpp in Sources */,
				E9586E62173072B700D24737 /* RNUIResponder.cpp in Sources */,
				E9586E671730855600D24737 /* RNUIImageView.cpp in Sources */,
				E9BEF3C21744442A0090C9CB /* RNUIImage.cpp in Sources */,
			);
			runOnlyForDeploymentPostprocessing = 0;
		};
/* End PBXSourcesBuildPhase section */

/* Begin PBXTargetDependency section */
		E9619F831696FDD700DA187E /* PBXTargetDependency */ = {
			isa = PBXTargetDependency;
			name = png;
			targetProxy = E9619F821696FDD700DA187E /* PBXContainerItemProxy */;
		};
		E9ECEEBB16D7F0ED00C6CF09 /* PBXTargetDependency */ = {
			isa = PBXTargetDependency;
			name = jansson;
			targetProxy = E9ECEEBA16D7F0ED00C6CF09 /* PBXContainerItemProxy */;
		};
/* End PBXTargetDependency section */

/* Begin XCBuildConfiguration section */
		E94F26A116CB60D90031A96C /* Optimized */ = {
			isa = XCBuildConfiguration;
			buildSettings = {
				ALWAYS_SEARCH_USER_PATHS = NO;
				ARCHS = "$(ARCHS_STANDARD_64_BIT)";
				CLANG_CXX_LANGUAGE_STANDARD = "gnu++0x";
				CLANG_CXX_LIBRARY = "libc++";
				CLANG_WARN_CONSTANT_CONVERSION = YES;
				CLANG_WARN_DEPRECATED_OBJC_IMPLEMENTATIONS = YES;
				CLANG_WARN_EMPTY_BODY = YES;
				CLANG_WARN_INT_CONVERSION = YES;
				CLANG_WARN__DUPLICATE_METHOD_MATCH = YES;
				COPY_PHASE_STRIP = YES;
				DEBUG_INFORMATION_FORMAT = "dwarf-with-dsym";
				GCC_C_LANGUAGE_STANDARD = gnu99;
				GCC_ENABLE_OBJC_EXCEPTIONS = YES;
				GCC_OPTIMIZATION_LEVEL = 3;
				GCC_PREPROCESSOR_DEFINITIONS = (
					"DEBUG=1",
					"RN_BUILD_LIBRARY=1",
				);
				GCC_STRICT_ALIASING = YES;
				GCC_WARN_64_TO_32_BIT_CONVERSION = YES;
				GCC_WARN_ABOUT_RETURN_TYPE = YES;
				GCC_WARN_UNINITIALIZED_AUTOS = YES;
				GCC_WARN_UNUSED_VARIABLE = YES;
				MACOSX_DEPLOYMENT_TARGET = 10.8;
				SDKROOT = macosx;
			};
			name = Optimized;
		};
		E94F26A216CB60D90031A96C /* Optimized */ = {
			isa = XCBuildConfiguration;
			buildSettings = {
				EXECUTABLE_PREFIX = lib;
				GCC_INPUT_FILETYPE = automatic;
				GCC_OPTIMIZATION_LEVEL = 3;
				GCC_PREPROCESSOR_DEFINITIONS = "$(inherited)";
				HEADER_SEARCH_PATHS = (
					"\"$(SRCROOT)/../../Vendor/libpng/include\"",
					"\"$(SRCROOT)/../../Vendor/bullet/src\"/**",
					"\"$(SRCROOT)/../../Vendor/libjansson/source\"",
					"\"$(SRCROOT)/../../Vendor/freetype-2.4.11/include\"",
				);
				LD_DYLIB_INSTALL_NAME = "@executable_path/../Frameworks/$(EXECUTABLE_PATH)";
				LIBRARY_SEARCH_PATHS = (
					"$(inherited)",
					"\"$(SRCROOT)/../../Vendor/freetype-2.4.11/lib/osx\"",
				);
				OTHER_CPLUSPLUSFLAGS = (
					"$(OTHER_CFLAGS)",
					"-x",
					"objective-c++",
					"-msse4.1",
				);
				PRODUCT_NAME = "$(TARGET_NAME)";
			};
			name = Optimized;
		};
		E98D1E5A1673A6E200889F3B /* Debug */ = {
			isa = XCBuildConfiguration;
			buildSettings = {
				ALWAYS_SEARCH_USER_PATHS = NO;
				ARCHS = "$(ARCHS_STANDARD_64_BIT)";
				CLANG_CXX_LANGUAGE_STANDARD = "gnu++0x";
				CLANG_CXX_LIBRARY = "libc++";
				CLANG_WARN_CONSTANT_CONVERSION = YES;
				CLANG_WARN_DEPRECATED_OBJC_IMPLEMENTATIONS = YES;
				CLANG_WARN_EMPTY_BODY = YES;
				CLANG_WARN_INT_CONVERSION = YES;
				CLANG_WARN__DUPLICATE_METHOD_MATCH = YES;
				COPY_PHASE_STRIP = NO;
				GCC_C_LANGUAGE_STANDARD = gnu99;
				GCC_DYNAMIC_NO_PIC = NO;
				GCC_ENABLE_OBJC_EXCEPTIONS = YES;
				GCC_OPTIMIZATION_LEVEL = 0;
				GCC_PREPROCESSOR_DEFINITIONS = (
					"DEBUG=1",
					"RN_BUILD_LIBRARY=1",
				);
				GCC_STRICT_ALIASING = YES;
				GCC_SYMBOLS_PRIVATE_EXTERN = NO;
				GCC_WARN_64_TO_32_BIT_CONVERSION = YES;
				GCC_WARN_ABOUT_RETURN_TYPE = YES;
				GCC_WARN_UNINITIALIZED_AUTOS = YES;
				GCC_WARN_UNUSED_VARIABLE = YES;
				MACOSX_DEPLOYMENT_TARGET = 10.8;
				ONLY_ACTIVE_ARCH = YES;
				SDKROOT = macosx;
			};
			name = Debug;
		};
		E98D1E5B1673A6E200889F3B /* Release */ = {
			isa = XCBuildConfiguration;
			buildSettings = {
				ALWAYS_SEARCH_USER_PATHS = NO;
				ARCHS = "$(ARCHS_STANDARD_64_BIT)";
				CLANG_CXX_LANGUAGE_STANDARD = "gnu++0x";
				CLANG_CXX_LIBRARY = "libc++";
				CLANG_WARN_CONSTANT_CONVERSION = YES;
				CLANG_WARN_DEPRECATED_OBJC_IMPLEMENTATIONS = YES;
				CLANG_WARN_EMPTY_BODY = YES;
				CLANG_WARN_INT_CONVERSION = YES;
				CLANG_WARN__DUPLICATE_METHOD_MATCH = YES;
				COPY_PHASE_STRIP = YES;
				DEBUG_INFORMATION_FORMAT = "dwarf-with-dsym";
				GCC_C_LANGUAGE_STANDARD = gnu99;
				GCC_ENABLE_OBJC_EXCEPTIONS = YES;
				GCC_OPTIMIZATION_LEVEL = 3;
				GCC_PREPROCESSOR_DEFINITIONS = (
					"NDEBUG=1",
					"RN_BUILD_LIBRARY=1",
				);
				GCC_STRICT_ALIASING = YES;
				GCC_WARN_64_TO_32_BIT_CONVERSION = YES;
				GCC_WARN_ABOUT_RETURN_TYPE = YES;
				GCC_WARN_UNINITIALIZED_AUTOS = YES;
				GCC_WARN_UNUSED_VARIABLE = YES;
				MACOSX_DEPLOYMENT_TARGET = 10.8;
				SDKROOT = macosx;
			};
			name = Release;
		};
		E98D1E5D1673A6E200889F3B /* Debug */ = {
			isa = XCBuildConfiguration;
			buildSettings = {
				EXECUTABLE_PREFIX = lib;
				GCC_INPUT_FILETYPE = automatic;
				HEADER_SEARCH_PATHS = (
					"\"$(SRCROOT)/../../Vendor/libpng/include\"",
					"\"$(SRCROOT)/../../Vendor/bullet/src\"/**",
					"\"$(SRCROOT)/../../Vendor/libjansson/source\"",
					"\"$(SRCROOT)/../../Vendor/freetype-2.4.11/include\"",
				);
				LD_DYLIB_INSTALL_NAME = "@executable_path/../Frameworks/$(EXECUTABLE_PATH)";
				LIBRARY_SEARCH_PATHS = (
					"$(inherited)",
					"\"$(SRCROOT)/../../Vendor/freetype-2.4.11/lib/osx\"",
				);
				OTHER_CPLUSPLUSFLAGS = (
					"$(OTHER_CFLAGS)",
					"-x",
					"objective-c++",
					"-msse4.1",
				);
				PRODUCT_NAME = "$(TARGET_NAME)";
			};
			name = Debug;
		};
		E98D1E5E1673A6E200889F3B /* Release */ = {
			isa = XCBuildConfiguration;
			buildSettings = {
				EXECUTABLE_PREFIX = lib;
				GCC_INPUT_FILETYPE = automatic;
				GCC_OPTIMIZATION_LEVEL = 3;
				HEADER_SEARCH_PATHS = (
					"\"$(SRCROOT)/../../Vendor/libpng/include\"",
					"\"$(SRCROOT)/../../Vendor/bullet/src\"/**",
					"\"$(SRCROOT)/../../Vendor/libjansson/source\"",
					"\"$(SRCROOT)/../../Vendor/freetype-2.4.11/include\"",
				);
				LD_DYLIB_INSTALL_NAME = "@executable_path/../Frameworks/$(EXECUTABLE_PATH)";
				LIBRARY_SEARCH_PATHS = (
					"$(inherited)",
					"\"$(SRCROOT)/../../Vendor/freetype-2.4.11/lib/osx\"",
				);
				OTHER_CPLUSPLUSFLAGS = (
					"$(OTHER_CFLAGS)",
					"-x",
					"objective-c++",
					"-msse4.1",
				);
				PRODUCT_NAME = "$(TARGET_NAME)";
			};
			name = Release;
		};
/* End XCBuildConfiguration section */

/* Begin XCConfigurationList section */
		E98D1E531673A6E200889F3B /* Build configuration list for PBXProject "Rayne" */ = {
			isa = XCConfigurationList;
			buildConfigurations = (
				E98D1E5A1673A6E200889F3B /* Debug */,
				E98D1E5B1673A6E200889F3B /* Release */,
				E94F26A116CB60D90031A96C /* Optimized */,
			);
			defaultConfigurationIsVisible = 0;
			defaultConfigurationName = Release;
		};
		E98D1E5C1673A6E200889F3B /* Build configuration list for PBXNativeTarget "Rayne" */ = {
			isa = XCConfigurationList;
			buildConfigurations = (
				E98D1E5D1673A6E200889F3B /* Debug */,
				E98D1E5E1673A6E200889F3B /* Release */,
				E94F26A216CB60D90031A96C /* Optimized */,
			);
			defaultConfigurationIsVisible = 0;
			defaultConfigurationName = Release;
		};
/* End XCConfigurationList section */
	};
	rootObject = E98D1E501673A6E200889F3B /* Project object */;
}
