// !$*UTF8*$!
{
	archiveVersion = 1;
	classes = {
	};
	objectVersion = 46;
	objects = {

/* Begin PBXBuildFile section */
		E98D1E641673B22400889F3B /* RNVector.h in Headers */ = {isa = PBXBuildFile; fileRef = E98D1E621673B22400889F3B /* RNVector.h */; };
		E98D1E681673BA6700889F3B /* RNWorld.cpp in Sources */ = {isa = PBXBuildFile; fileRef = E98D1E661673BA6700889F3B /* RNWorld.cpp */; };
		E98D1E691673BA6700889F3B /* RNWorld.h in Headers */ = {isa = PBXBuildFile; fileRef = E98D1E671673BA6700889F3B /* RNWorld.h */; };
/* End PBXBuildFile section */

/* Begin PBXFileReference section */
		E98D1E581673A6E200889F3B /* libRayne.dylib */ = {isa = PBXFileReference; explicitFileType = "compiled.mach-o.dylib"; includeInIndex = 0; path = libRayne.dylib; sourceTree = BUILT_PRODUCTS_DIR; };
		E98D1E601673AFC100889F3B /* RNBase.h */ = {isa = PBXFileReference; lastKnownFileType = sourcecode.c.h; path = RNBase.h; sourceTree = "<group>"; usesTabs = 1; };
		E98D1E621673B22400889F3B /* RNVector.h */ = {isa = PBXFileReference; fileEncoding = 4; lastKnownFileType = sourcecode.c.h; path = RNVector.h; sourceTree = "<group>"; usesTabs = 1; };
		E98D1E661673BA6700889F3B /* RNWorld.cpp */ = {isa = PBXFileReference; fileEncoding = 4; lastKnownFileType = sourcecode.cpp.cpp; path = RNWorld.cpp; sourceTree = "<group>"; };
		E98D1E671673BA6700889F3B /* RNWorld.h */ = {isa = PBXFileReference; fileEncoding = 4; lastKnownFileType = sourcecode.c.h; path = RNWorld.h; sourceTree = "<group>"; };
/* End PBXFileReference section */

/* Begin PBXFrameworksBuildPhase section */
		E98D1E551673A6E200889F3B /* Frameworks */ = {
			isa = PBXFrameworksBuildPhase;
			buildActionMask = 2147483647;
			files = (
			);
			runOnlyForDeploymentPostprocessing = 0;
		};
/* End PBXFrameworksBuildPhase section */

/* Begin PBXGroup section */
		E98D1E4F1673A6E200889F3B = {
			isa = PBXGroup;
			children = (
				E98D1E5F1673AFB400889F3B /* Engine Source */,
				E98D1E591673A6E200889F3B /* Products */,
			);
			sourceTree = "<group>";
			usesTabs = 1;
		};
		E98D1E591673A6E200889F3B /* Products */ = {
			isa = PBXGroup;
			children = (
				E98D1E581673A6E200889F3B /* libRayne.dylib */,
			);
			name = Products;
			sourceTree = "<group>";
		};
		E98D1E5F1673AFB400889F3B /* Engine Source */ = {
			isa = PBXGroup;
			children = (
				E98D1E601673AFC100889F3B /* RNBase.h */,
				E98D1E651673B41900889F3B /* Math */,
				E98D1E6A1673BA6D00889F3B /* Scene */,
			);
			path = "Engine Source";
			sourceTree = "<group>";
		};
		E98D1E651673B41900889F3B /* Math */ = {
			isa = PBXGroup;
			children = (
				E98D1E621673B22400889F3B /* RNVector.h */,
			);
			name = Math;
			sourceTree = "<group>";
		};
		E98D1E6A1673BA6D00889F3B /* Scene */ = {
			isa = PBXGroup;
			children = (
				E98D1E661673BA6700889F3B /* RNWorld.cpp */,
				E98D1E671673BA6700889F3B /* RNWorld.h */,
			);
			name = Scene;
			sourceTree = "<group>";
		};
/* End PBXGroup section */

/* Begin PBXHeadersBuildPhase section */
		E98D1E561673A6E200889F3B /* Headers */ = {
			isa = PBXHeadersBuildPhase;
			buildActionMask = 2147483647;
			files = (
				E98D1E641673B22400889F3B /* RNVector.h in Headers */,
				E98D1E691673BA6700889F3B /* RNWorld.h in Headers */,
			);
			runOnlyForDeploymentPostprocessing = 0;
		};
/* End PBXHeadersBuildPhase section */

/* Begin PBXNativeTarget section */
		E98D1E571673A6E200889F3B /* Rayne */ = {
			isa = PBXNativeTarget;
			buildConfigurationList = E98D1E5C1673A6E200889F3B /* Build configuration list for PBXNativeTarget "Rayne" */;
			buildPhases = (
				E98D1E541673A6E200889F3B /* Sources */,
				E98D1E551673A6E200889F3B /* Frameworks */,
				E98D1E561673A6E200889F3B /* Headers */,
			);
			buildRules = (
			);
			dependencies = (
			);
			name = Rayne;
			productName = Rayne;
			productReference = E98D1E581673A6E200889F3B /* libRayne.dylib */;
			productType = "com.apple.product-type.library.dynamic";
		};
/* End PBXNativeTarget section */

/* Begin PBXProject section */
		E98D1E501673A6E200889F3B /* Project object */ = {
			isa = PBXProject;
			attributes = {
				LastUpgradeCheck = 0460;
				ORGANIZATIONNAME = "Sidney Just";
			};
			buildConfigurationList = E98D1E531673A6E200889F3B /* Build configuration list for PBXProject "Rayne" */;
			compatibilityVersion = "Xcode 3.2";
			developmentRegion = English;
			hasScannedForEncodings = 0;
			knownRegions = (
				en,
			);
			mainGroup = E98D1E4F1673A6E200889F3B;
			productRefGroup = E98D1E591673A6E200889F3B /* Products */;
			projectDirPath = "";
			projectRoot = "";
			targets = (
				E98D1E571673A6E200889F3B /* Rayne */,
			);
		};
/* End PBXProject section */

/* Begin PBXSourcesBuildPhase section */
		E98D1E541673A6E200889F3B /* Sources */ = {
			isa = PBXSourcesBuildPhase;
			buildActionMask = 2147483647;
			files = (
				E98D1E681673BA6700889F3B /* RNWorld.cpp in Sources */,
			);
			runOnlyForDeploymentPostprocessing = 0;
		};
/* End PBXSourcesBuildPhase section */

/* Begin XCBuildConfiguration section */
		E98D1E5A1673A6E200889F3B /* Debug */ = {
			isa = XCBuildConfiguration;
			buildSettings = {
				ALWAYS_SEARCH_USER_PATHS = NO;
				ARCHS = "$(ARCHS_STANDARD_64_BIT)";
				CLANG_CXX_LANGUAGE_STANDARD = "gnu++0x";
				CLANG_CXX_LIBRARY = "libc++";
				CLANG_WARN_CONSTANT_CONVERSION = YES;
				CLANG_WARN_DEPRECATED_OBJC_IMPLEMENTATIONS = YES;
				CLANG_WARN_EMPTY_BODY = YES;
				CLANG_WARN_INT_CONVERSION = YES;
				CLANG_WARN__DUPLICATE_METHOD_MATCH = YES;
				COPY_PHASE_STRIP = NO;
				GCC_C_LANGUAGE_STANDARD = gnu99;
				GCC_DYNAMIC_NO_PIC = NO;
				GCC_ENABLE_OBJC_EXCEPTIONS = YES;
				GCC_OPTIMIZATION_LEVEL = 0;
				GCC_PREPROCESSOR_DEFINITIONS = (
					"DEBUG=1",
					"$(inherited)",
				);
				GCC_STRICT_ALIASING = YES;
				GCC_SYMBOLS_PRIVATE_EXTERN = NO;
				GCC_WARN_64_TO_32_BIT_CONVERSION = YES;
				GCC_WARN_ABOUT_RETURN_TYPE = YES;
				GCC_WARN_UNINITIALIZED_AUTOS = YES;
				GCC_WARN_UNUSED_VARIABLE = YES;
				MACOSX_DEPLOYMENT_TARGET = 10.8;
				ONLY_ACTIVE_ARCH = YES;
				SDKROOT = macosx;
			};
			name = Debug;
		};
		E98D1E5B1673A6E200889F3B /* Release */ = {
			isa = XCBuildConfiguration;
			buildSettings = {
				ALWAYS_SEARCH_USER_PATHS = NO;
				ARCHS = "$(ARCHS_STANDARD_64_BIT)";
				CLANG_CXX_LANGUAGE_STANDARD = "gnu++0x";
				CLANG_CXX_LIBRARY = "libc++";
				CLANG_WARN_CONSTANT_CONVERSION = YES;
				CLANG_WARN_DEPRECATED_OBJC_IMPLEMENTATIONS = YES;
				CLANG_WARN_EMPTY_BODY = YES;
				CLANG_WARN_INT_CONVERSION = YES;
				CLANG_WARN__DUPLICATE_METHOD_MATCH = YES;
				COPY_PHASE_STRIP = YES;
				DEBUG_INFORMATION_FORMAT = "dwarf-with-dsym";
				GCC_C_LANGUAGE_STANDARD = gnu99;
				GCC_ENABLE_OBJC_EXCEPTIONS = YES;
				GCC_STRICT_ALIASING = YES;
				GCC_WARN_64_TO_32_BIT_CONVERSION = YES;
				GCC_WARN_ABOUT_RETURN_TYPE = YES;
				GCC_WARN_UNINITIALIZED_AUTOS = YES;
				GCC_WARN_UNUSED_VARIABLE = YES;
				MACOSX_DEPLOYMENT_TARGET = 10.8;
				SDKROOT = macosx;
			};
			name = Release;
		};
		E98D1E5D1673A6E200889F3B /* Debug */ = {
			isa = XCBuildConfiguration;
			buildSettings = {
				EXECUTABLE_PREFIX = lib;
				PRODUCT_NAME = "$(TARGET_NAME)";
			};
			name = Debug;
		};
		E98D1E5E1673A6E200889F3B /* Release */ = {
			isa = XCBuildConfiguration;
			buildSettings = {
				EXECUTABLE_PREFIX = lib;
				PRODUCT_NAME = "$(TARGET_NAME)";
			};
			name = Release;
		};
/* End XCBuildConfiguration section */

/* Begin XCConfigurationList section */
		E98D1E531673A6E200889F3B /* Build configuration list for PBXProject "Rayne" */ = {
			isa = XCConfigurationList;
			buildConfigurations = (
				E98D1E5A1673A6E200889F3B /* Debug */,
				E98D1E5B1673A6E200889F3B /* Release */,
			);
			defaultConfigurationIsVisible = 0;
			defaultConfigurationName = Release;
		};
		E98D1E5C1673A6E200889F3B /* Build configuration list for PBXNativeTarget "Rayne" */ = {
			isa = XCConfigurationList;
			buildConfigurations = (
				E98D1E5D1673A6E200889F3B /* Debug */,
				E98D1E5E1673A6E200889F3B /* Release */,
			);
			defaultConfigurationIsVisible = 0;
		};
/* End XCConfigurationList section */
	};
	rootObject = E98D1E501673A6E200889F3B /* Project object */;
}
